// !$*UTF8*$!
{
	archiveVersion = 1;
	classes = {
	};
	objectVersion = 46;
	objects = {

/* Begin PBXBuildFile section */
		43543BEC1A8278860061938E /* AppDelegate.swift in Sources */ = {isa = PBXBuildFile; fileRef = 43543BEB1A8278860061938E /* AppDelegate.swift */; };
		43543BEE1A8278860061938E /* ViewController.swift in Sources */ = {isa = PBXBuildFile; fileRef = 43543BED1A8278860061938E /* ViewController.swift */; };
		43543BF11A8278860061938E /* Main.storyboard in Resources */ = {isa = PBXBuildFile; fileRef = 43543BEF1A8278860061938E /* Main.storyboard */; };
		43543BF31A8278860061938E /* Images.xcassets in Resources */ = {isa = PBXBuildFile; fileRef = 43543BF21A8278860061938E /* Images.xcassets */; };
		43543BF61A8278860061938E /* LaunchScreen.xib in Resources */ = {isa = PBXBuildFile; fileRef = 43543BF41A8278860061938E /* LaunchScreen.xib */; };
		43543C021A8278860061938E /* ScreenEdgePanGestureRecognizerTests.swift in Sources */ = {isa = PBXBuildFile; fileRef = 43543C011A8278860061938E /* ScreenEdgePanGestureRecognizerTests.swift */; };
/* End PBXBuildFile section */

/* Begin PBXContainerItemProxy section */
		43543BFC1A8278860061938E /* PBXContainerItemProxy */ = {
			isa = PBXContainerItemProxy;
			containerPortal = 43543BDE1A8278860061938E /* Project object */;
			proxyType = 1;
			remoteGlobalIDString = 43543BE51A8278860061938E;
			remoteInfo = ScreenEdgePanGestureRecognizer;
		};
/* End PBXContainerItemProxy section */

/* Begin PBXFileReference section */
		43543BE61A8278860061938E /* ScreenEdgePanGestureRecognizer.app */ = {isa = PBXFileReference; explicitFileType = wrapper.application; includeInIndex = 0; path = ScreenEdgePanGestureRecognizer.app; sourceTree = BUILT_PRODUCTS_DIR; };
		43543BEA1A8278860061938E /* Info.plist */ = {isa = PBXFileReference; lastKnownFileType = text.plist.xml; path = Info.plist; sourceTree = "<group>"; };
		43543BEB1A8278860061938E /* AppDelegate.swift */ = {isa = PBXFileReference; lastKnownFileType = sourcecode.swift; path = AppDelegate.swift; sourceTree = "<group>"; };
		43543BED1A8278860061938E /* ViewController.swift */ = {isa = PBXFileReference; lastKnownFileType = sourcecode.swift; path = ViewController.swift; sourceTree = "<group>"; };
		43543BF01A8278860061938E /* Base */ = {isa = PBXFileReference; lastKnownFileType = file.storyboard; name = Base; path = Base.lproj/Main.storyboard; sourceTree = "<group>"; };
		43543BF21A8278860061938E /* Images.xcassets */ = {isa = PBXFileReference; lastKnownFileType = folder.assetcatalog; path = Images.xcassets; sourceTree = "<group>"; };
		43543BF51A8278860061938E /* Base */ = {isa = PBXFileReference; lastKnownFileType = file.xib; name = Base; path = Base.lproj/LaunchScreen.xib; sourceTree = "<group>"; };
		43543BFB1A8278860061938E /* ScreenEdgePanGestureRecognizerTests.xctest */ = {isa = PBXFileReference; explicitFileType = wrapper.cfbundle; includeInIndex = 0; path = ScreenEdgePanGestureRecognizerTests.xctest; sourceTree = BUILT_PRODUCTS_DIR; };
		43543C001A8278860061938E /* Info.plist */ = {isa = PBXFileReference; lastKnownFileType = text.plist.xml; path = Info.plist; sourceTree = "<group>"; };
		43543C011A8278860061938E /* ScreenEdgePanGestureRecognizerTests.swift */ = {isa = PBXFileReference; lastKnownFileType = sourcecode.swift; path = ScreenEdgePanGestureRecognizerTests.swift; sourceTree = "<group>"; };
/* End PBXFileReference section */

/* Begin PBXFrameworksBuildPhase section */
		43543BE31A8278860061938E /* Frameworks */ = {
			isa = PBXFrameworksBuildPhase;
			buildActionMask = 2147483647;
			files = (
			);
			runOnlyForDeploymentPostprocessing = 0;
		};
		43543BF81A8278860061938E /* Frameworks */ = {
			isa = PBXFrameworksBuildPhase;
			buildActionMask = 2147483647;
			files = (
			);
			runOnlyForDeploymentPostprocessing = 0;
		};
/* End PBXFrameworksBuildPhase section */

/* Begin PBXGroup section */
		43543BDD1A8278860061938E = {
			isa = PBXGroup;
			children = (
				43543BE81A8278860061938E /* ScreenEdgePanGestureRecognizer */,
				43543BFE1A8278860061938E /* ScreenEdgePanGestureRecognizerTests */,
				43543BE71A8278860061938E /* Products */,
			);
			sourceTree = "<group>";
		};
		43543BE71A8278860061938E /* Products */ = {
			isa = PBXGroup;
			children = (
				43543BE61A8278860061938E /* ScreenEdgePanGestureRecognizer.app */,
				43543BFB1A8278860061938E /* ScreenEdgePanGestureRecognizerTests.xctest */,
			);
			name = Products;
			sourceTree = "<group>";
		};
		43543BE81A8278860061938E /* ScreenEdgePanGestureRecognizer */ = {
			isa = PBXGroup;
			children = (
				43543BEB1A8278860061938E /* AppDelegate.swift */,
				43543BED1A8278860061938E /* ViewController.swift */,
				43543BEF1A8278860061938E /* Main.storyboard */,
				43543BF21A8278860061938E /* Images.xcassets */,
				43543BF41A8278860061938E /* LaunchScreen.xib */,
				43543BE91A8278860061938E /* Supporting Files */,
			);
			path = ScreenEdgePanGestureRecognizer;
			sourceTree = "<group>";
		};
		43543BE91A8278860061938E /* Supporting Files */ = {
			isa = PBXGroup;
			children = (
				43543BEA1A8278860061938E /* Info.plist */,
			);
			name = "Supporting Files";
			sourceTree = "<group>";
		};
		43543BFE1A8278860061938E /* ScreenEdgePanGestureRecognizerTests */ = {
			isa = PBXGroup;
			children = (
				43543C011A8278860061938E /* ScreenEdgePanGestureRecognizerTests.swift */,
				43543BFF1A8278860061938E /* Supporting Files */,
			);
			path = ScreenEdgePanGestureRecognizerTests;
			sourceTree = "<group>";
		};
		43543BFF1A8278860061938E /* Supporting Files */ = {
			isa = PBXGroup;
			children = (
				43543C001A8278860061938E /* Info.plist */,
			);
			name = "Supporting Files";
			sourceTree = "<group>";
		};
/* End PBXGroup section */

/* Begin PBXNativeTarget section */
		43543BE51A8278860061938E /* ScreenEdgePanGestureRecognizer */ = {
			isa = PBXNativeTarget;
			buildConfigurationList = 43543C051A8278860061938E /* Build configuration list for PBXNativeTarget "ScreenEdgePanGestureRecognizer" */;
			buildPhases = (
				43543BE21A8278860061938E /* Sources */,
				43543BE31A8278860061938E /* Frameworks */,
				43543BE41A8278860061938E /* Resources */,
			);
			buildRules = (
			);
			dependencies = (
			);
			name = ScreenEdgePanGestureRecognizer;
			productName = ScreenEdgePanGestureRecognizer;
			productReference = 43543BE61A8278860061938E /* ScreenEdgePanGestureRecognizer.app */;
			productType = "com.apple.product-type.application";
		};
		43543BFA1A8278860061938E /* ScreenEdgePanGestureRecognizerTests */ = {
			isa = PBXNativeTarget;
			buildConfigurationList = 43543C081A8278860061938E /* Build configuration list for PBXNativeTarget "ScreenEdgePanGestureRecognizerTests" */;
			buildPhases = (
				43543BF71A8278860061938E /* Sources */,
				43543BF81A8278860061938E /* Frameworks */,
				43543BF91A8278860061938E /* Resources */,
			);
			buildRules = (
			);
			dependencies = (
				43543BFD1A8278860061938E /* PBXTargetDependency */,
			);
			name = ScreenEdgePanGestureRecognizerTests;
			productName = ScreenEdgePanGestureRecognizerTests;
			productReference = 43543BFB1A8278860061938E /* ScreenEdgePanGestureRecognizerTests.xctest */;
			productType = "com.apple.product-type.bundle.unit-test";
		};
/* End PBXNativeTarget section */

/* Begin PBXProject section */
		43543BDE1A8278860061938E /* Project object */ = {
			isa = PBXProject;
			attributes = {
				LastUpgradeCheck = 0610;
				ORGANIZATIONNAME = 51work6;
				TargetAttributes = {
					43543BE51A8278860061938E = {
						CreatedOnToolsVersion = 6.1;
					};
					43543BFA1A8278860061938E = {
						CreatedOnToolsVersion = 6.1;
						TestTargetID = 43543BE51A8278860061938E;
					};
				};
			};
			buildConfigurationList = 43543BE11A8278860061938E /* Build configuration list for PBXProject "ScreenEdgePanGestureRecognizer" */;
			compatibilityVersion = "Xcode 3.2";
			developmentRegion = English;
			hasScannedForEncodings = 0;
			knownRegions = (
				en,
				Base,
			);
			mainGroup = 43543BDD1A8278860061938E;
			productRefGroup = 43543BE71A8278860061938E /* Products */;
			projectDirPath = "";
			projectRoot = "";
			targets = (
				43543BE51A8278860061938E /* ScreenEdgePanGestureRecognizer */,
				43543BFA1A8278860061938E /* ScreenEdgePanGestureRecognizerTests */,
			);
		};
/* End PBXProject section */

/* Begin PBXResourcesBuildPhase section */
		43543BE41A8278860061938E /* Resources */ = {
			isa = PBXResourcesBuildPhase;
			buildActionMask = 2147483647;
			files = (
				43543BF11A8278860061938E /* Main.storyboard in Resources */,
				43543BF61A8278860061938E /* LaunchScreen.xib in Resources */,
				43543BF31A8278860061938E /* Images.xcassets in Resources */,
			);
			runOnlyForDeploymentPostprocessing = 0;
		};
		43543BF91A8278860061938E /* Resources */ = {
			isa = PBXResourcesBuildPhase;
			buildActionMask = 2147483647;
			files = (
			);
			runOnlyForDeploymentPostprocessing = 0;
		};
/* End PBXResourcesBuildPhase section */

/* Begin PBXSourcesBuildPhase section */
		43543BE21A8278860061938E /* Sources */ = {
			isa = PBXSourcesBuildPhase;
			buildActionMask = 2147483647;
			files = (
				43543BEE1A8278860061938E /* ViewController.swift in Sources */,
				43543BEC1A8278860061938E /* AppDelegate.swift in Sources */,
			);
			runOnlyForDeploymentPostprocessing = 0;
		};
		43543BF71A8278860061938E /* Sources */ = {
			isa = PBXSourcesBuildPhase;
			buildActionMask = 2147483647;
			files = (
				43543C021A8278860061938E /* ScreenEdgePanGestureRecognizerTests.swift in Sources */,
			);
			runOnlyForDeploymentPostprocessing = 0;
		};
/* End PBXSourcesBuildPhase section */

/* Begin PBXTargetDependency section */
		43543BFD1A8278860061938E /* PBXTargetDependency */ = {
			isa = PBXTargetDependency;
			target = 43543BE51A8278860061938E /* ScreenEdgePanGestureRecognizer */;
			targetProxy = 43543BFC1A8278860061938E /* PBXContainerItemProxy */;
		};
/* End PBXTargetDependency section */

/* Begin PBXVariantGroup section */
		43543BEF1A8278860061938E /* Main.storyboard */ = {
			isa = PBXVariantGroup;
			children = (
				43543BF01A8278860061938E /* Base */,
			);
			name = Main.storyboard;
			sourceTree = "<group>";
		};
		43543BF41A8278860061938E /* LaunchScreen.xib */ = {
			isa = PBXVariantGroup;
			children = (
				43543BF51A8278860061938E /* Base */,
			);
			name = LaunchScreen.xib;
			sourceTree = "<group>";
		};
/* End PBXVariantGroup section */

/* Begin XCBuildConfiguration section */
		43543C031A8278860061938E /* Debug */ = {
			isa = XCBuildConfiguration;
			buildSettings = {
				ALWAYS_SEARCH_USER_PATHS = NO;
				CLANG_CXX_LANGUAGE_STANDARD = "gnu++0x";
				CLANG_CXX_LIBRARY = "libc++";
				CLANG_ENABLE_MODULES = YES;
				CLANG_ENABLE_OBJC_ARC = YES;
				CLANG_WARN_BOOL_CONVERSION = YES;
				CLANG_WARN_CONSTANT_CONVERSION = YES;
				CLANG_WARN_DIRECT_OBJC_ISA_USAGE = YES_ERROR;
				CLANG_WARN_EMPTY_BODY = YES;
				CLANG_WARN_ENUM_CONVERSION = YES;
				CLANG_WARN_INT_CONVERSION = YES;
				CLANG_WARN_OBJC_ROOT_CLASS = YES_ERROR;
				CLANG_WARN_UNREACHABLE_CODE = YES;
				CLANG_WARN__DUPLICATE_METHOD_MATCH = YES;
				"CODE_SIGN_IDENTITY[sdk=iphoneos*]" = "iPhone Developer";
				COPY_PHASE_STRIP = NO;
				ENABLE_STRICT_OBJC_MSGSEND = YES;
				GCC_C_LANGUAGE_STANDARD = gnu99;
				GCC_DYNAMIC_NO_PIC = NO;
				GCC_OPTIMIZATION_LEVEL = 0;
				GCC_PREPROCESSOR_DEFINITIONS = (
					"DEBUG=1",
					"$(inherited)",
				);
				GCC_SYMBOLS_PRIVATE_EXTERN = NO;
				GCC_WARN_64_TO_32_BIT_CONVERSION = YES;
				GCC_WARN_ABOUT_RETURN_TYPE = YES_ERROR;
				GCC_WARN_UNDECLARED_SELECTOR = YES;
				GCC_WARN_UNINITIALIZED_AUTOS = YES_AGGRESSIVE;
				GCC_WARN_UNUSED_FUNCTION = YES;
				GCC_WARN_UNUSED_VARIABLE = YES;
				IPHONEOS_DEPLOYMENT_TARGET = 8.3;
				MTL_ENABLE_DEBUG_INFO = YES;
				ONLY_ACTIVE_ARCH = YES;
				SDKROOT = iphoneos;
				SWIFT_OPTIMIZATION_LEVEL = "-Onone";
			};
			name = Debug;
		};
		43543C041A8278860061938E /* Release */ = {
			isa = XCBuildConfiguration;
			buildSettings = {
				ALWAYS_SEARCH_USER_PATHS = NO;
				CLANG_CXX_LANGUAGE_STANDARD = "gnu++0x";
				CLANG_CXX_LIBRARY = "libc++";
				CLANG_ENABLE_MODULES = YES;
				CLANG_ENABLE_OBJC_ARC = YES;
				CLANG_WARN_BOOL_CONVERSION = YES;
				CLANG_WARN_CONSTANT_CONVERSION = YES;
				CLANG_WARN_DIRECT_OBJC_ISA_USAGE = YES_ERROR;
				CLANG_WARN_EMPTY_BODY = YES;
				CLANG_WARN_ENUM_CONVERSION = YES;
				CLANG_WARN_INT_CONVERSION = YES;
				CLANG_WARN_OBJC_ROOT_CLASS = YES_ERROR;
				CLANG_WARN_UNREACHABLE_CODE = YES;
				CLANG_WARN__DUPLICATE_METHOD_MATCH = YES;
				"CODE_SIGN_IDENTITY[sdk=iphoneos*]" = "iPhone Developer";
				COPY_PHASE_STRIP = YES;
				ENABLE_NS_ASSERTIONS = NO;
				ENABLE_STRICT_OBJC_MSGSEND = YES;
				GCC_C_LANGUAGE_STANDARD = gnu99;
				GCC_WARN_64_TO_32_BIT_CONVERSION = YES;
				GCC_WARN_ABOUT_RETURN_TYPE = YES_ERROR;
				GCC_WARN_UNDECLARED_SELECTOR = YES;
				GCC_WARN_UNINITIALIZED_AUTOS = YES_AGGRESSIVE;
				GCC_WARN_UNUSED_FUNCTION = YES;
				GCC_WARN_UNUSED_VARIABLE = YES;
				IPHONEOS_DEPLOYMENT_TARGET = 8.3;
				MTL_ENABLE_DEBUG_INFO = NO;
				SDKROOT = iphoneos;
				VALIDATE_PRODUCT = YES;
			};
			name = Release;
		};
		43543C061A8278860061938E /* Debug */ = {
			isa = XCBuildConfiguration;
			buildSettings = {
				ASSETCATALOG_COMPILER_APPICON_NAME = AppIcon;
				INFOPLIST_FILE = ScreenEdgePanGestureRecognizer/Info.plist;
				LD_RUNPATH_SEARCH_PATHS = "$(inherited) @executable_path/Frameworks";
				PRODUCT_NAME = "$(TARGET_NAME)";
			};
			name = Debug;
		};
		43543C071A8278860061938E /* Release */ = {
			isa = XCBuildConfiguration;
			buildSettings = {
				ASSETCATALOG_COMPILER_APPICON_NAME = AppIcon;
				INFOPLIST_FILE = ScreenEdgePanGestureRecognizer/Info.plist;
				LD_RUNPATH_SEARCH_PATHS = "$(inherited) @executable_path/Frameworks";
				PRODUCT_NAME = "$(TARGET_NAME)";
			};
			name = Release;
		};
		43543C091A8278860061938E /* Debug */ = {
			isa = XCBuildConfiguration;
			buildSettings = {
				BUNDLE_LOADER = "$(TEST_HOST)";
				FRAMEWORK_SEARCH_PATHS = (
					"$(SDKROOT)/Developer/Library/Frameworks",
					"$(inherited)",
				);
				GCC_PREPROCESSOR_DEFINITIONS = (
					"DEBUG=1",
					"$(inherited)",
				);
				INFOPLIST_FILE = ScreenEdgePanGestureRecognizerTests/Info.plist;
				LD_RUNPATH_SEARCH_PATHS = "$(inherited) @executable_path/Frameworks @loader_path/Frameworks";
				PRODUCT_NAME = "$(TARGET_NAME)";
				TEST_HOST = "$(BUILT_PRODUCTS_DIR)/ScreenEdgePanGestureRecognizer.app/ScreenEdgePanGestureRecognizer";
			};
			name = Debug;
		};
		43543C0A1A8278860061938E /* Release */ = {
			isa = XCBuildConfiguration;
			buildSettings = {
				BUNDLE_LOADER = "$(TEST_HOST)";
				FRAMEWORK_SEARCH_PATHS = (
					"$(SDKROOT)/Developer/Library/Frameworks",
					"$(inherited)",
				);
				INFOPLIST_FILE = ScreenEdgePanGestureRecognizerTests/Info.plist;
				LD_RUNPATH_SEARCH_PATHS = "$(inherited) @executable_path/Frameworks @loader_path/Frameworks";
				PRODUCT_NAME = "$(TARGET_NAME)";
				TEST_HOST = "$(BUILT_PRODUCTS_DIR)/ScreenEdgePanGestureRecognizer.app/ScreenEdgePanGestureRecognizer";
			};
			name = Release;
		};
/* End XCBuildConfiguration section */

/* Begin XCConfigurationList section */
		43543BE11A8278860061938E /* Build configuration list for PBXProject "ScreenEdgePanGestureRecognizer" */ = {
			isa = XCConfigurationList;
			buildConfigurations = (
				43543C031A8278860061938E /* Debug */,
				43543C041A8278860061938E /* Release */,
			);
			defaultConfigurationIsVisible = 0;
			defaultConfigurationName = Release;
		};
		43543C051A8278860061938E /* Build configuration list for PBXNativeTarget "ScreenEdgePanGestureRecognizer" */ = {
			isa = XCConfigurationList;
			buildConfigurations = (
				43543C061A8278860061938E /* Debug */,
				43543C071A8278860061938E /* Release */,
			);
			defaultConfigurationIsVisible = 0;
			defaultConfigurationName = Release;
		};
		43543C081A8278860061938E /* Build configuration list for PBXNativeTarget "ScreenEdgePanGestureRecognizerTests" */ = {
			isa = XCConfigurationList;
			buildConfigurations = (
				43543C091A8278860061938E /* Debug */,
				43543C0A1A8278860061938E /* Release */,
			);
			defaultConfigurationIsVisible = 0;
			defaultConfigurationName = Release;
		};
/* End XCConfigurationList section */
	};
	rootObject = 43543BDE1A8278860061938E /* Project object */;
}
