// !$*UTF8*$!
{
	archiveVersion = 1;
	classes = {
	};
	objectVersion = 46;
	objects = {

/* Begin PBXBuildFile section */
		43B458D01A849DB8007427A1 /* AppDelegate.swift in Sources */ = {isa = PBXBuildFile; fileRef = 43B458CF1A849DB8007427A1 /* AppDelegate.swift */; };
		43B458D21A849DB8007427A1 /* ViewController.swift in Sources */ = {isa = PBXBuildFile; fileRef = 43B458D11A849DB8007427A1 /* ViewController.swift */; };
		43B458D51A849DB8007427A1 /* Main.storyboard in Resources */ = {isa = PBXBuildFile; fileRef = 43B458D31A849DB8007427A1 /* Main.storyboard */; };
		43B458D71A849DB8007427A1 /* Images.xcassets in Resources */ = {isa = PBXBuildFile; fileRef = 43B458D61A849DB8007427A1 /* Images.xcassets */; };
		43B458DA1A849DB8007427A1 /* LaunchScreen.xib in Resources */ = {isa = PBXBuildFile; fileRef = 43B458D81A849DB8007427A1 /* LaunchScreen.xib */; };
		43B458E61A849DB8007427A1 /* CompassTests.swift in Sources */ = {isa = PBXBuildFile; fileRef = 43B458E51A849DB8007427A1 /* CompassTests.swift */; };
		43B458F21A849DD5007427A1 /* background.png in Resources */ = {isa = PBXBuildFile; fileRef = 43B458F01A849DD5007427A1 /* background.png */; };
		43B458F31A849DD5007427A1 /* plate.png in Resources */ = {isa = PBXBuildFile; fileRef = 43B458F11A849DD5007427A1 /* plate.png */; };
/* End PBXBuildFile section */

/* Begin PBXContainerItemProxy section */
		43B458E01A849DB8007427A1 /* PBXContainerItemProxy */ = {
			isa = PBXContainerItemProxy;
			containerPortal = 43B458C21A849DB8007427A1 /* Project object */;
			proxyType = 1;
			remoteGlobalIDString = 43B458C91A849DB8007427A1;
			remoteInfo = Compass;
		};
/* End PBXContainerItemProxy section */

/* Begin PBXFileReference section */
		43B458CA1A849DB8007427A1 /* Compass.app */ = {isa = PBXFileReference; explicitFileType = wrapper.application; includeInIndex = 0; path = Compass.app; sourceTree = BUILT_PRODUCTS_DIR; };
		43B458CE1A849DB8007427A1 /* Info.plist */ = {isa = PBXFileReference; lastKnownFileType = text.plist.xml; path = Info.plist; sourceTree = "<group>"; };
		43B458CF1A849DB8007427A1 /* AppDelegate.swift */ = {isa = PBXFileReference; lastKnownFileType = sourcecode.swift; path = AppDelegate.swift; sourceTree = "<group>"; };
		43B458D11A849DB8007427A1 /* ViewController.swift */ = {isa = PBXFileReference; lastKnownFileType = sourcecode.swift; path = ViewController.swift; sourceTree = "<group>"; };
		43B458D41A849DB8007427A1 /* Base */ = {isa = PBXFileReference; lastKnownFileType = file.storyboard; name = Base; path = Base.lproj/Main.storyboard; sourceTree = "<group>"; };
		43B458D61A849DB8007427A1 /* Images.xcassets */ = {isa = PBXFileReference; lastKnownFileType = folder.assetcatalog; path = Images.xcassets; sourceTree = "<group>"; };
		43B458D91A849DB8007427A1 /* Base */ = {isa = PBXFileReference; lastKnownFileType = file.xib; name = Base; path = Base.lproj/LaunchScreen.xib; sourceTree = "<group>"; };
		43B458DF1A849DB8007427A1 /* CompassTests.xctest */ = {isa = PBXFileReference; explicitFileType = wrapper.cfbundle; includeInIndex = 0; path = CompassTests.xctest; sourceTree = BUILT_PRODUCTS_DIR; };
		43B458E41A849DB8007427A1 /* Info.plist */ = {isa = PBXFileReference; lastKnownFileType = text.plist.xml; path = Info.plist; sourceTree = "<group>"; };
		43B458E51A849DB8007427A1 /* CompassTests.swift */ = {isa = PBXFileReference; lastKnownFileType = sourcecode.swift; path = CompassTests.swift; sourceTree = "<group>"; };
		43B458F01A849DD5007427A1 /* background.png */ = {isa = PBXFileReference; lastKnownFileType = image.png; path = background.png; sourceTree = "<group>"; };
		43B458F11A849DD5007427A1 /* plate.png */ = {isa = PBXFileReference; lastKnownFileType = image.png; path = plate.png; sourceTree = "<group>"; };
/* End PBXFileReference section */

/* Begin PBXFrameworksBuildPhase section */
		43B458C71A849DB8007427A1 /* Frameworks */ = {
			isa = PBXFrameworksBuildPhase;
			buildActionMask = 2147483647;
			files = (
			);
			runOnlyForDeploymentPostprocessing = 0;
		};
		43B458DC1A849DB8007427A1 /* Frameworks */ = {
			isa = PBXFrameworksBuildPhase;
			buildActionMask = 2147483647;
			files = (
			);
			runOnlyForDeploymentPostprocessing = 0;
		};
/* End PBXFrameworksBuildPhase section */

/* Begin PBXGroup section */
		43B458C11A849DB8007427A1 = {
			isa = PBXGroup;
			children = (
				43B458EF1A849DD5007427A1 /* images */,
				43B458CC1A849DB8007427A1 /* Compass */,
				43B458E21A849DB8007427A1 /* CompassTests */,
				43B458CB1A849DB8007427A1 /* Products */,
			);
			sourceTree = "<group>";
		};
		43B458CB1A849DB8007427A1 /* Products */ = {
			isa = PBXGroup;
			children = (
				43B458CA1A849DB8007427A1 /* Compass.app */,
				43B458DF1A849DB8007427A1 /* CompassTests.xctest */,
			);
			name = Products;
			sourceTree = "<group>";
		};
		43B458CC1A849DB8007427A1 /* Compass */ = {
			isa = PBXGroup;
			children = (
				43B458CF1A849DB8007427A1 /* AppDelegate.swift */,
				43B458D11A849DB8007427A1 /* ViewController.swift */,
				43B458D31A849DB8007427A1 /* Main.storyboard */,
				43B458D61A849DB8007427A1 /* Images.xcassets */,
				43B458D81A849DB8007427A1 /* LaunchScreen.xib */,
				43B458CD1A849DB8007427A1 /* Supporting Files */,
			);
			path = Compass;
			sourceTree = "<group>";
		};
		43B458CD1A849DB8007427A1 /* Supporting Files */ = {
			isa = PBXGroup;
			children = (
				43B458CE1A849DB8007427A1 /* Info.plist */,
			);
			name = "Supporting Files";
			sourceTree = "<group>";
		};
		43B458E21A849DB8007427A1 /* CompassTests */ = {
			isa = PBXGroup;
			children = (
				43B458E51A849DB8007427A1 /* CompassTests.swift */,
				43B458E31A849DB8007427A1 /* Supporting Files */,
			);
			path = CompassTests;
			sourceTree = "<group>";
		};
		43B458E31A849DB8007427A1 /* Supporting Files */ = {
			isa = PBXGroup;
			children = (
				43B458E41A849DB8007427A1 /* Info.plist */,
			);
			name = "Supporting Files";
			sourceTree = "<group>";
		};
		43B458EF1A849DD5007427A1 /* images */ = {
			isa = PBXGroup;
			children = (
				43B458F01A849DD5007427A1 /* background.png */,
				43B458F11A849DD5007427A1 /* plate.png */,
			);
			path = images;
			sourceTree = "<group>";
		};
/* End PBXGroup section */

/* Begin PBXNativeTarget section */
		43B458C91A849DB8007427A1 /* Compass */ = {
			isa = PBXNativeTarget;
			buildConfigurationList = 43B458E91A849DB8007427A1 /* Build configuration list for PBXNativeTarget "Compass" */;
			buildPhases = (
				43B458C61A849DB8007427A1 /* Sources */,
				43B458C71A849DB8007427A1 /* Frameworks */,
				43B458C81A849DB8007427A1 /* Resources */,
			);
			buildRules = (
			);
			dependencies = (
			);
			name = Compass;
			productName = Compass;
			productReference = 43B458CA1A849DB8007427A1 /* Compass.app */;
			productType = "com.apple.product-type.application";
		};
		43B458DE1A849DB8007427A1 /* CompassTests */ = {
			isa = PBXNativeTarget;
			buildConfigurationList = 43B458EC1A849DB8007427A1 /* Build configuration list for PBXNativeTarget "CompassTests" */;
			buildPhases = (
				43B458DB1A849DB8007427A1 /* Sources */,
				43B458DC1A849DB8007427A1 /* Frameworks */,
				43B458DD1A849DB8007427A1 /* Resources */,
			);
			buildRules = (
			);
			dependencies = (
				43B458E11A849DB8007427A1 /* PBXTargetDependency */,
			);
			name = CompassTests;
			productName = CompassTests;
			productReference = 43B458DF1A849DB8007427A1 /* CompassTests.xctest */;
			productType = "com.apple.product-type.bundle.unit-test";
		};
/* End PBXNativeTarget section */

/* Begin PBXProject section */
		43B458C21A849DB8007427A1 /* Project object */ = {
			isa = PBXProject;
			attributes = {
				LastUpgradeCheck = 0610;
				ORGANIZATIONNAME = 51work6;
				TargetAttributes = {
					43B458C91A849DB8007427A1 = {
						CreatedOnToolsVersion = 6.1;
					};
					43B458DE1A849DB8007427A1 = {
						CreatedOnToolsVersion = 6.1;
						TestTargetID = 43B458C91A849DB8007427A1;
					};
				};
			};
			buildConfigurationList = 43B458C51A849DB8007427A1 /* Build configuration list for PBXProject "Compass" */;
			compatibilityVersion = "Xcode 3.2";
			developmentRegion = English;
			hasScannedForEncodings = 0;
			knownRegions = (
				en,
				Base,
			);
			mainGroup = 43B458C11A849DB8007427A1;
			productRefGroup = 43B458CB1A849DB8007427A1 /* Products */;
			projectDirPath = "";
			projectRoot = "";
			targets = (
				43B458C91A849DB8007427A1 /* Compass */,
				43B458DE1A849DB8007427A1 /* CompassTests */,
			);
		};
/* End PBXProject section */

/* Begin PBXResourcesBuildPhase section */
		43B458C81A849DB8007427A1 /* Resources */ = {
			isa = PBXResourcesBuildPhase;
			buildActionMask = 2147483647;
			files = (
				43B458D51A849DB8007427A1 /* Main.storyboard in Resources */,
				43B458F21A849DD5007427A1 /* background.png in Resources */,
				43B458F31A849DD5007427A1 /* plate.png in Resources */,
				43B458DA1A849DB8007427A1 /* LaunchScreen.xib in Resources */,
				43B458D71A849DB8007427A1 /* Images.xcassets in Resources */,
			);
			runOnlyForDeploymentPostprocessing = 0;
		};
		43B458DD1A849DB8007427A1 /* Resources */ = {
			isa = PBXResourcesBuildPhase;
			buildActionMask = 2147483647;
			files = (
			);
			runOnlyForDeploymentPostprocessing = 0;
		};
/* End PBXResourcesBuildPhase section */

/* Begin PBXSourcesBuildPhase section */
		43B458C61A849DB8007427A1 /* Sources */ = {
			isa = PBXSourcesBuildPhase;
			buildActionMask = 2147483647;
			files = (
				43B458D21A849DB8007427A1 /* ViewController.swift in Sources */,
				43B458D01A849DB8007427A1 /* AppDelegate.swift in Sources */,
			);
			runOnlyForDeploymentPostprocessing = 0;
		};
		43B458DB1A849DB8007427A1 /* Sources */ = {
			isa = PBXSourcesBuildPhase;
			buildActionMask = 2147483647;
			files = (
				43B458E61A849DB8007427A1 /* CompassTests.swift in Sources */,
			);
			runOnlyForDeploymentPostprocessing = 0;
		};
/* End PBXSourcesBuildPhase section */

/* Begin PBXTargetDependency section */
		43B458E11A849DB8007427A1 /* PBXTargetDependency */ = {
			isa = PBXTargetDependency;
			target = 43B458C91A849DB8007427A1 /* Compass */;
			targetProxy = 43B458E01A849DB8007427A1 /* PBXContainerItemProxy */;
		};
/* End PBXTargetDependency section */

/* Begin PBXVariantGroup section */
		43B458D31A849DB8007427A1 /* Main.storyboard */ = {
			isa = PBXVariantGroup;
			children = (
				43B458D41A849DB8007427A1 /* Base */,
			);
			name = Main.storyboard;
			sourceTree = "<group>";
		};
		43B458D81A849DB8007427A1 /* LaunchScreen.xib */ = {
			isa = PBXVariantGroup;
			children = (
				43B458D91A849DB8007427A1 /* Base */,
			);
			name = LaunchScreen.xib;
			sourceTree = "<group>";
		};
/* End PBXVariantGroup section */

/* Begin XCBuildConfiguration section */
		43B458E71A849DB8007427A1 /* Debug */ = {
			isa = XCBuildConfiguration;
			buildSettings = {
				ALWAYS_SEARCH_USER_PATHS = NO;
				CLANG_CXX_LANGUAGE_STANDARD = "gnu++0x";
				CLANG_CXX_LIBRARY = "libc++";
				CLANG_ENABLE_MODULES = YES;
				CLANG_ENABLE_OBJC_ARC = YES;
				CLANG_WARN_BOOL_CONVERSION = YES;
				CLANG_WARN_CONSTANT_CONVERSION = YES;
				CLANG_WARN_DIRECT_OBJC_ISA_USAGE = YES_ERROR;
				CLANG_WARN_EMPTY_BODY = YES;
				CLANG_WARN_ENUM_CONVERSION = YES;
				CLANG_WARN_INT_CONVERSION = YES;
				CLANG_WARN_OBJC_ROOT_CLASS = YES_ERROR;
				CLANG_WARN_UNREACHABLE_CODE = YES;
				CLANG_WARN__DUPLICATE_METHOD_MATCH = YES;
				"CODE_SIGN_IDENTITY[sdk=iphoneos*]" = "iPhone Developer";
				COPY_PHASE_STRIP = NO;
				ENABLE_STRICT_OBJC_MSGSEND = YES;
				GCC_C_LANGUAGE_STANDARD = gnu99;
				GCC_DYNAMIC_NO_PIC = NO;
				GCC_OPTIMIZATION_LEVEL = 0;
				GCC_PREPROCESSOR_DEFINITIONS = (
					"DEBUG=1",
					"$(inherited)",
				);
				GCC_SYMBOLS_PRIVATE_EXTERN = NO;
				GCC_WARN_64_TO_32_BIT_CONVERSION = YES;
				GCC_WARN_ABOUT_RETURN_TYPE = YES_ERROR;
				GCC_WARN_UNDECLARED_SELECTOR = YES;
				GCC_WARN_UNINITIALIZED_AUTOS = YES_AGGRESSIVE;
				GCC_WARN_UNUSED_FUNCTION = YES;
				GCC_WARN_UNUSED_VARIABLE = YES;
				IPHONEOS_DEPLOYMENT_TARGET = 8.3;
				MTL_ENABLE_DEBUG_INFO = YES;
				ONLY_ACTIVE_ARCH = YES;
				SDKROOT = iphoneos;
				SWIFT_OPTIMIZATION_LEVEL = "-Onone";
			};
			name = Debug;
		};
		43B458E81A849DB8007427A1 /* Release */ = {
			isa = XCBuildConfiguration;
			buildSettings = {
				ALWAYS_SEARCH_USER_PATHS = NO;
				CLANG_CXX_LANGUAGE_STANDARD = "gnu++0x";
				CLANG_CXX_LIBRARY = "libc++";
				CLANG_ENABLE_MODULES = YES;
				CLANG_ENABLE_OBJC_ARC = YES;
				CLANG_WARN_BOOL_CONVERSION = YES;
				CLANG_WARN_CONSTANT_CONVERSION = YES;
				CLANG_WARN_DIRECT_OBJC_ISA_USAGE = YES_ERROR;
				CLANG_WARN_EMPTY_BODY = YES;
				CLANG_WARN_ENUM_CONVERSION = YES;
				CLANG_WARN_INT_CONVERSION = YES;
				CLANG_WARN_OBJC_ROOT_CLASS = YES_ERROR;
				CLANG_WARN_UNREACHABLE_CODE = YES;
				CLANG_WARN__DUPLICATE_METHOD_MATCH = YES;
				"CODE_SIGN_IDENTITY[sdk=iphoneos*]" = "iPhone Developer";
				COPY_PHASE_STRIP = YES;
				ENABLE_NS_ASSERTIONS = NO;
				ENABLE_STRICT_OBJC_MSGSEND = YES;
				GCC_C_LANGUAGE_STANDARD = gnu99;
				GCC_WARN_64_TO_32_BIT_CONVERSION = YES;
				GCC_WARN_ABOUT_RETURN_TYPE = YES_ERROR;
				GCC_WARN_UNDECLARED_SELECTOR = YES;
				GCC_WARN_UNINITIALIZED_AUTOS = YES_AGGRESSIVE;
				GCC_WARN_UNUSED_FUNCTION = YES;
				GCC_WARN_UNUSED_VARIABLE = YES;
				IPHONEOS_DEPLOYMENT_TARGET = 8.3;
				MTL_ENABLE_DEBUG_INFO = NO;
				SDKROOT = iphoneos;
				VALIDATE_PRODUCT = YES;
			};
			name = Release;
		};
		43B458EA1A849DB8007427A1 /* Debug */ = {
			isa = XCBuildConfiguration;
			buildSettings = {
				ASSETCATALOG_COMPILER_APPICON_NAME = AppIcon;
				INFOPLIST_FILE = Compass/Info.plist;
				LD_RUNPATH_SEARCH_PATHS = "$(inherited) @executable_path/Frameworks";
				PRODUCT_NAME = "$(TARGET_NAME)";
			};
			name = Debug;
		};
		43B458EB1A849DB8007427A1 /* Release */ = {
			isa = XCBuildConfiguration;
			buildSettings = {
				ASSETCATALOG_COMPILER_APPICON_NAME = AppIcon;
				INFOPLIST_FILE = Compass/Info.plist;
				LD_RUNPATH_SEARCH_PATHS = "$(inherited) @executable_path/Frameworks";
				PRODUCT_NAME = "$(TARGET_NAME)";
			};
			name = Release;
		};
		43B458ED1A849DB8007427A1 /* Debug */ = {
			isa = XCBuildConfiguration;
			buildSettings = {
				BUNDLE_LOADER = "$(TEST_HOST)";
				FRAMEWORK_SEARCH_PATHS = (
					"$(SDKROOT)/Developer/Library/Frameworks",
					"$(inherited)",
				);
				GCC_PREPROCESSOR_DEFINITIONS = (
					"DEBUG=1",
					"$(inherited)",
				);
				INFOPLIST_FILE = CompassTests/Info.plist;
				LD_RUNPATH_SEARCH_PATHS = "$(inherited) @executable_path/Frameworks @loader_path/Frameworks";
				PRODUCT_NAME = "$(TARGET_NAME)";
				TEST_HOST = "$(BUILT_PRODUCTS_DIR)/Compass.app/Compass";
			};
			name = Debug;
		};
		43B458EE1A849DB8007427A1 /* Release */ = {
			isa = XCBuildConfiguration;
			buildSettings = {
				BUNDLE_LOADER = "$(TEST_HOST)";
				FRAMEWORK_SEARCH_PATHS = (
					"$(SDKROOT)/Developer/Library/Frameworks",
					"$(inherited)",
				);
				INFOPLIST_FILE = CompassTests/Info.plist;
				LD_RUNPATH_SEARCH_PATHS = "$(inherited) @executable_path/Frameworks @loader_path/Frameworks";
				PRODUCT_NAME = "$(TARGET_NAME)";
				TEST_HOST = "$(BUILT_PRODUCTS_DIR)/Compass.app/Compass";
			};
			name = Release;
		};
/* End XCBuildConfiguration section */

/* Begin XCConfigurationList section */
		43B458C51A849DB8007427A1 /* Build configuration list for PBXProject "Compass" */ = {
			isa = XCConfigurationList;
			buildConfigurations = (
				43B458E71A849DB8007427A1 /* Debug */,
				43B458E81A849DB8007427A1 /* Release */,
			);
			defaultConfigurationIsVisible = 0;
			defaultConfigurationName = Release;
		};
		43B458E91A849DB8007427A1 /* Build configuration list for PBXNativeTarget "Compass" */ = {
			isa = XCConfigurationList;
			buildConfigurations = (
				43B458EA1A849DB8007427A1 /* Debug */,
				43B458EB1A849DB8007427A1 /* Release */,
			);
			defaultConfigurationIsVisible = 0;
			defaultConfigurationName = Release;
		};
		43B458EC1A849DB8007427A1 /* Build configuration list for PBXNativeTarget "CompassTests" */ = {
			isa = XCConfigurationList;
			buildConfigurations = (
				43B458ED1A849DB8007427A1 /* Debug */,
				43B458EE1A849DB8007427A1 /* Release */,
			);
			defaultConfigurationIsVisible = 0;
			defaultConfigurationName = Release;
		};
/* End XCConfigurationList section */
	};
	rootObject = 43B458C21A849DB8007427A1 /* Project object */;
}
