// !$*UTF8*$!
{
	archiveVersion = 1;
	classes = {
	};
	objectVersion = 46;
	objects = {

/* Begin PBXBuildFile section */
		43D11E261A86002200D85859 /* AppDelegate.swift in Sources */ = {isa = PBXBuildFile; fileRef = 43D11E251A86002200D85859 /* AppDelegate.swift */; };
		43D11E281A86002200D85859 /* ViewController.swift in Sources */ = {isa = PBXBuildFile; fileRef = 43D11E271A86002200D85859 /* ViewController.swift */; };
		43D11E2B1A86002200D85859 /* Main.storyboard in Resources */ = {isa = PBXBuildFile; fileRef = 43D11E291A86002200D85859 /* Main.storyboard */; };
		43D11E2D1A86002200D85859 /* Images.xcassets in Resources */ = {isa = PBXBuildFile; fileRef = 43D11E2C1A86002200D85859 /* Images.xcassets */; };
		43D11E301A86002200D85859 /* LaunchScreen.xib in Resources */ = {isa = PBXBuildFile; fileRef = 43D11E2E1A86002200D85859 /* LaunchScreen.xib */; };
		43D11E3C1A86002200D85859 /* BallonTests.swift in Sources */ = {isa = PBXBuildFile; fileRef = 43D11E3B1A86002200D85859 /* BallonTests.swift */; };
		43D11E651A86003A00D85859 /* 10010.png in Resources */ = {isa = PBXBuildFile; fileRef = 43D11E461A86003A00D85859 /* 10010.png */; };
		43D11E661A86003A00D85859 /* 10011.png in Resources */ = {isa = PBXBuildFile; fileRef = 43D11E471A86003A00D85859 /* 10011.png */; };
		43D11E671A86003A00D85859 /* 10012.png in Resources */ = {isa = PBXBuildFile; fileRef = 43D11E481A86003A00D85859 /* 10012.png */; };
		43D11E681A86003A00D85859 /* 10013.png in Resources */ = {isa = PBXBuildFile; fileRef = 43D11E491A86003A00D85859 /* 10013.png */; };
		43D11E691A86003A00D85859 /* 10014.png in Resources */ = {isa = PBXBuildFile; fileRef = 43D11E4A1A86003A00D85859 /* 10014.png */; };
		43D11E6A1A86003A00D85859 /* 10015.png in Resources */ = {isa = PBXBuildFile; fileRef = 43D11E4B1A86003A00D85859 /* 10015.png */; };
		43D11E6B1A86003A00D85859 /* 10016.png in Resources */ = {isa = PBXBuildFile; fileRef = 43D11E4C1A86003A00D85859 /* 10016.png */; };
		43D11E6C1A86003A00D85859 /* 10017.png in Resources */ = {isa = PBXBuildFile; fileRef = 43D11E4D1A86003A00D85859 /* 10017.png */; };
		43D11E6D1A86003A00D85859 /* 10018.png in Resources */ = {isa = PBXBuildFile; fileRef = 43D11E4E1A86003A00D85859 /* 10018.png */; };
		43D11E6E1A86003A00D85859 /* 10019.png in Resources */ = {isa = PBXBuildFile; fileRef = 43D11E4F1A86003A00D85859 /* 10019.png */; };
		43D11E6F1A86003A00D85859 /* 10020.png in Resources */ = {isa = PBXBuildFile; fileRef = 43D11E501A86003A00D85859 /* 10020.png */; };
		43D11E701A86003A00D85859 /* 10021.png in Resources */ = {isa = PBXBuildFile; fileRef = 43D11E511A86003A00D85859 /* 10021.png */; };
		43D11E711A86003A00D85859 /* 10022.png in Resources */ = {isa = PBXBuildFile; fileRef = 43D11E521A86003A00D85859 /* 10022.png */; };
		43D11E721A86003A00D85859 /* 10023.png in Resources */ = {isa = PBXBuildFile; fileRef = 43D11E531A86003A00D85859 /* 10023.png */; };
		43D11E731A86003A00D85859 /* 10024.png in Resources */ = {isa = PBXBuildFile; fileRef = 43D11E541A86003A00D85859 /* 10024.png */; };
		43D11E741A86003A00D85859 /* 10025.png in Resources */ = {isa = PBXBuildFile; fileRef = 43D11E551A86003A00D85859 /* 10025.png */; };
		43D11E751A86003A00D85859 /* 10026.png in Resources */ = {isa = PBXBuildFile; fileRef = 43D11E561A86003A00D85859 /* 10026.png */; };
		43D11E761A86003A00D85859 /* 10027.png in Resources */ = {isa = PBXBuildFile; fileRef = 43D11E571A86003A00D85859 /* 10027.png */; };
		43D11E771A86003A00D85859 /* 10028.png in Resources */ = {isa = PBXBuildFile; fileRef = 43D11E581A86003A00D85859 /* 10028.png */; };
		43D11E781A86003A00D85859 /* 10029.png in Resources */ = {isa = PBXBuildFile; fileRef = 43D11E591A86003A00D85859 /* 10029.png */; };
		43D11E791A86003A00D85859 /* 10030.png in Resources */ = {isa = PBXBuildFile; fileRef = 43D11E5A1A86003A00D85859 /* 10030.png */; };
		43D11E7A1A86003A00D85859 /* 10031.png in Resources */ = {isa = PBXBuildFile; fileRef = 43D11E5B1A86003A00D85859 /* 10031.png */; };
		43D11E7B1A86003A00D85859 /* 10032.png in Resources */ = {isa = PBXBuildFile; fileRef = 43D11E5C1A86003A00D85859 /* 10032.png */; };
		43D11E7C1A86003A00D85859 /* 10033.png in Resources */ = {isa = PBXBuildFile; fileRef = 43D11E5D1A86003A00D85859 /* 10033.png */; };
		43D11E7D1A86003A00D85859 /* 10034.png in Resources */ = {isa = PBXBuildFile; fileRef = 43D11E5E1A86003A00D85859 /* 10034.png */; };
		43D11E7E1A86003A00D85859 /* 10035.png in Resources */ = {isa = PBXBuildFile; fileRef = 43D11E5F1A86003A00D85859 /* 10035.png */; };
		43D11E7F1A86003A00D85859 /* 10036.png in Resources */ = {isa = PBXBuildFile; fileRef = 43D11E601A86003A00D85859 /* 10036.png */; };
		43D11E801A86003A00D85859 /* 10037.png in Resources */ = {isa = PBXBuildFile; fileRef = 43D11E611A86003A00D85859 /* 10037.png */; };
		43D11E811A86003A00D85859 /* 10038.png in Resources */ = {isa = PBXBuildFile; fileRef = 43D11E621A86003A00D85859 /* 10038.png */; };
		43D11E821A86003A00D85859 /* 10039.png in Resources */ = {isa = PBXBuildFile; fileRef = 43D11E631A86003A00D85859 /* 10039.png */; };
		43D11E831A86003A00D85859 /* 10040.png in Resources */ = {isa = PBXBuildFile; fileRef = 43D11E641A86003A00D85859 /* 10040.png */; };
/* End PBXBuildFile section */

/* Begin PBXContainerItemProxy section */
		43D11E361A86002200D85859 /* PBXContainerItemProxy */ = {
			isa = PBXContainerItemProxy;
			containerPortal = 43D11E181A86002100D85859 /* Project object */;
			proxyType = 1;
			remoteGlobalIDString = 43D11E1F1A86002100D85859;
			remoteInfo = Ballon;
		};
/* End PBXContainerItemProxy section */

/* Begin PBXFileReference section */
		43D11E201A86002100D85859 /* Ballon.app */ = {isa = PBXFileReference; explicitFileType = wrapper.application; includeInIndex = 0; path = Ballon.app; sourceTree = BUILT_PRODUCTS_DIR; };
		43D11E241A86002200D85859 /* Info.plist */ = {isa = PBXFileReference; lastKnownFileType = text.plist.xml; path = Info.plist; sourceTree = "<group>"; };
		43D11E251A86002200D85859 /* AppDelegate.swift */ = {isa = PBXFileReference; lastKnownFileType = sourcecode.swift; path = AppDelegate.swift; sourceTree = "<group>"; };
		43D11E271A86002200D85859 /* ViewController.swift */ = {isa = PBXFileReference; lastKnownFileType = sourcecode.swift; path = ViewController.swift; sourceTree = "<group>"; };
		43D11E2A1A86002200D85859 /* Base */ = {isa = PBXFileReference; lastKnownFileType = file.storyboard; name = Base; path = Base.lproj/Main.storyboard; sourceTree = "<group>"; };
		43D11E2C1A86002200D85859 /* Images.xcassets */ = {isa = PBXFileReference; lastKnownFileType = folder.assetcatalog; path = Images.xcassets; sourceTree = "<group>"; };
		43D11E2F1A86002200D85859 /* Base */ = {isa = PBXFileReference; lastKnownFileType = file.xib; name = Base; path = Base.lproj/LaunchScreen.xib; sourceTree = "<group>"; };
		43D11E351A86002200D85859 /* BallonTests.xctest */ = {isa = PBXFileReference; explicitFileType = wrapper.cfbundle; includeInIndex = 0; path = BallonTests.xctest; sourceTree = BUILT_PRODUCTS_DIR; };
		43D11E3A1A86002200D85859 /* Info.plist */ = {isa = PBXFileReference; lastKnownFileType = text.plist.xml; path = Info.plist; sourceTree = "<group>"; };
		43D11E3B1A86002200D85859 /* BallonTests.swift */ = {isa = PBXFileReference; lastKnownFileType = sourcecode.swift; path = BallonTests.swift; sourceTree = "<group>"; };
		43D11E461A86003A00D85859 /* 10010.png */ = {isa = PBXFileReference; lastKnownFileType = image.png; path = 10010.png; sourceTree = "<group>"; };
		43D11E471A86003A00D85859 /* 10011.png */ = {isa = PBXFileReference; lastKnownFileType = image.png; path = 10011.png; sourceTree = "<group>"; };
		43D11E481A86003A00D85859 /* 10012.png */ = {isa = PBXFileReference; lastKnownFileType = image.png; path = 10012.png; sourceTree = "<group>"; };
		43D11E491A86003A00D85859 /* 10013.png */ = {isa = PBXFileReference; lastKnownFileType = image.png; path = 10013.png; sourceTree = "<group>"; };
		43D11E4A1A86003A00D85859 /* 10014.png */ = {isa = PBXFileReference; lastKnownFileType = image.png; path = 10014.png; sourceTree = "<group>"; };
		43D11E4B1A86003A00D85859 /* 10015.png */ = {isa = PBXFileReference; lastKnownFileType = image.png; path = 10015.png; sourceTree = "<group>"; };
		43D11E4C1A86003A00D85859 /* 10016.png */ = {isa = PBXFileReference; lastKnownFileType = image.png; path = 10016.png; sourceTree = "<group>"; };
		43D11E4D1A86003A00D85859 /* 10017.png */ = {isa = PBXFileReference; lastKnownFileType = image.png; path = 10017.png; sourceTree = "<group>"; };
		43D11E4E1A86003A00D85859 /* 10018.png */ = {isa = PBXFileReference; lastKnownFileType = image.png; path = 10018.png; sourceTree = "<group>"; };
		43D11E4F1A86003A00D85859 /* 10019.png */ = {isa = PBXFileReference; lastKnownFileType = image.png; path = 10019.png; sourceTree = "<group>"; };
		43D11E501A86003A00D85859 /* 10020.png */ = {isa = PBXFileReference; lastKnownFileType = image.png; path = 10020.png; sourceTree = "<group>"; };
		43D11E511A86003A00D85859 /* 10021.png */ = {isa = PBXFileReference; lastKnownFileType = image.png; path = 10021.png; sourceTree = "<group>"; };
		43D11E521A86003A00D85859 /* 10022.png */ = {isa = PBXFileReference; lastKnownFileType = image.png; path = 10022.png; sourceTree = "<group>"; };
		43D11E531A86003A00D85859 /* 10023.png */ = {isa = PBXFileReference; lastKnownFileType = image.png; path = 10023.png; sourceTree = "<group>"; };
		43D11E541A86003A00D85859 /* 10024.png */ = {isa = PBXFileReference; lastKnownFileType = image.png; path = 10024.png; sourceTree = "<group>"; };
		43D11E551A86003A00D85859 /* 10025.png */ = {isa = PBXFileReference; lastKnownFileType = image.png; path = 10025.png; sourceTree = "<group>"; };
		43D11E561A86003A00D85859 /* 10026.png */ = {isa = PBXFileReference; lastKnownFileType = image.png; path = 10026.png; sourceTree = "<group>"; };
		43D11E571A86003A00D85859 /* 10027.png */ = {isa = PBXFileReference; lastKnownFileType = image.png; path = 10027.png; sourceTree = "<group>"; };
		43D11E581A86003A00D85859 /* 10028.png */ = {isa = PBXFileReference; lastKnownFileType = image.png; path = 10028.png; sourceTree = "<group>"; };
		43D11E591A86003A00D85859 /* 10029.png */ = {isa = PBXFileReference; lastKnownFileType = image.png; path = 10029.png; sourceTree = "<group>"; };
		43D11E5A1A86003A00D85859 /* 10030.png */ = {isa = PBXFileReference; lastKnownFileType = image.png; path = 10030.png; sourceTree = "<group>"; };
		43D11E5B1A86003A00D85859 /* 10031.png */ = {isa = PBXFileReference; lastKnownFileType = image.png; path = 10031.png; sourceTree = "<group>"; };
		43D11E5C1A86003A00D85859 /* 10032.png */ = {isa = PBXFileReference; lastKnownFileType = image.png; path = 10032.png; sourceTree = "<group>"; };
		43D11E5D1A86003A00D85859 /* 10033.png */ = {isa = PBXFileReference; lastKnownFileType = image.png; path = 10033.png; sourceTree = "<group>"; };
		43D11E5E1A86003A00D85859 /* 10034.png */ = {isa = PBXFileReference; lastKnownFileType = image.png; path = 10034.png; sourceTree = "<group>"; };
		43D11E5F1A86003A00D85859 /* 10035.png */ = {isa = PBXFileReference; lastKnownFileType = image.png; path = 10035.png; sourceTree = "<group>"; };
		43D11E601A86003A00D85859 /* 10036.png */ = {isa = PBXFileReference; lastKnownFileType = image.png; path = 10036.png; sourceTree = "<group>"; };
		43D11E611A86003A00D85859 /* 10037.png */ = {isa = PBXFileReference; lastKnownFileType = image.png; path = 10037.png; sourceTree = "<group>"; };
		43D11E621A86003A00D85859 /* 10038.png */ = {isa = PBXFileReference; lastKnownFileType = image.png; path = 10038.png; sourceTree = "<group>"; };
		43D11E631A86003A00D85859 /* 10039.png */ = {isa = PBXFileReference; lastKnownFileType = image.png; path = 10039.png; sourceTree = "<group>"; };
		43D11E641A86003A00D85859 /* 10040.png */ = {isa = PBXFileReference; lastKnownFileType = image.png; path = 10040.png; sourceTree = "<group>"; };
/* End PBXFileReference section */

/* Begin PBXFrameworksBuildPhase section */
		43D11E1D1A86002100D85859 /* Frameworks */ = {
			isa = PBXFrameworksBuildPhase;
			buildActionMask = 2147483647;
			files = (
			);
			runOnlyForDeploymentPostprocessing = 0;
		};
		43D11E321A86002200D85859 /* Frameworks */ = {
			isa = PBXFrameworksBuildPhase;
			buildActionMask = 2147483647;
			files = (
			);
			runOnlyForDeploymentPostprocessing = 0;
		};
/* End PBXFrameworksBuildPhase section */

/* Begin PBXGroup section */
		43D11E171A86002100D85859 = {
			isa = PBXGroup;
			children = (
				43D11E451A86003A00D85859 /* images */,
				43D11E221A86002100D85859 /* Ballon */,
				43D11E381A86002200D85859 /* BallonTests */,
				43D11E211A86002100D85859 /* Products */,
			);
			sourceTree = "<group>";
		};
		43D11E211A86002100D85859 /* Products */ = {
			isa = PBXGroup;
			children = (
				43D11E201A86002100D85859 /* Ballon.app */,
				43D11E351A86002200D85859 /* BallonTests.xctest */,
			);
			name = Products;
			sourceTree = "<group>";
		};
		43D11E221A86002100D85859 /* Ballon */ = {
			isa = PBXGroup;
			children = (
				43D11E251A86002200D85859 /* AppDelegate.swift */,
				43D11E271A86002200D85859 /* ViewController.swift */,
				43D11E291A86002200D85859 /* Main.storyboard */,
				43D11E2C1A86002200D85859 /* Images.xcassets */,
				43D11E2E1A86002200D85859 /* LaunchScreen.xib */,
				43D11E231A86002100D85859 /* Supporting Files */,
			);
			path = Ballon;
			sourceTree = "<group>";
		};
		43D11E231A86002100D85859 /* Supporting Files */ = {
			isa = PBXGroup;
			children = (
				43D11E241A86002200D85859 /* Info.plist */,
			);
			name = "Supporting Files";
			sourceTree = "<group>";
		};
		43D11E381A86002200D85859 /* BallonTests */ = {
			isa = PBXGroup;
			children = (
				43D11E3B1A86002200D85859 /* BallonTests.swift */,
				43D11E391A86002200D85859 /* Supporting Files */,
			);
			path = BallonTests;
			sourceTree = "<group>";
		};
		43D11E391A86002200D85859 /* Supporting Files */ = {
			isa = PBXGroup;
			children = (
				43D11E3A1A86002200D85859 /* Info.plist */,
			);
			name = "Supporting Files";
			sourceTree = "<group>";
		};
		43D11E451A86003A00D85859 /* images */ = {
			isa = PBXGroup;
			children = (
				43D11E461A86003A00D85859 /* 10010.png */,
				43D11E471A86003A00D85859 /* 10011.png */,
				43D11E481A86003A00D85859 /* 10012.png */,
				43D11E491A86003A00D85859 /* 10013.png */,
				43D11E4A1A86003A00D85859 /* 10014.png */,
				43D11E4B1A86003A00D85859 /* 10015.png */,
				43D11E4C1A86003A00D85859 /* 10016.png */,
				43D11E4D1A86003A00D85859 /* 10017.png */,
				43D11E4E1A86003A00D85859 /* 10018.png */,
				43D11E4F1A86003A00D85859 /* 10019.png */,
				43D11E501A86003A00D85859 /* 10020.png */,
				43D11E511A86003A00D85859 /* 10021.png */,
				43D11E521A86003A00D85859 /* 10022.png */,
				43D11E531A86003A00D85859 /* 10023.png */,
				43D11E541A86003A00D85859 /* 10024.png */,
				43D11E551A86003A00D85859 /* 10025.png */,
				43D11E561A86003A00D85859 /* 10026.png */,
				43D11E571A86003A00D85859 /* 10027.png */,
				43D11E581A86003A00D85859 /* 10028.png */,
				43D11E591A86003A00D85859 /* 10029.png */,
				43D11E5A1A86003A00D85859 /* 10030.png */,
				43D11E5B1A86003A00D85859 /* 10031.png */,
				43D11E5C1A86003A00D85859 /* 10032.png */,
				43D11E5D1A86003A00D85859 /* 10033.png */,
				43D11E5E1A86003A00D85859 /* 10034.png */,
				43D11E5F1A86003A00D85859 /* 10035.png */,
				43D11E601A86003A00D85859 /* 10036.png */,
				43D11E611A86003A00D85859 /* 10037.png */,
				43D11E621A86003A00D85859 /* 10038.png */,
				43D11E631A86003A00D85859 /* 10039.png */,
				43D11E641A86003A00D85859 /* 10040.png */,
			);
			path = images;
			sourceTree = "<group>";
		};
/* End PBXGroup section */

/* Begin PBXNativeTarget section */
		43D11E1F1A86002100D85859 /* Ballon */ = {
			isa = PBXNativeTarget;
			buildConfigurationList = 43D11E3F1A86002200D85859 /* Build configuration list for PBXNativeTarget "Ballon" */;
			buildPhases = (
				43D11E1C1A86002100D85859 /* Sources */,
				43D11E1D1A86002100D85859 /* Frameworks */,
				43D11E1E1A86002100D85859 /* Resources */,
			);
			buildRules = (
			);
			dependencies = (
			);
			name = Ballon;
			productName = Ballon;
			productReference = 43D11E201A86002100D85859 /* Ballon.app */;
			productType = "com.apple.product-type.application";
		};
		43D11E341A86002200D85859 /* BallonTests */ = {
			isa = PBXNativeTarget;
			buildConfigurationList = 43D11E421A86002200D85859 /* Build configuration list for PBXNativeTarget "BallonTests" */;
			buildPhases = (
				43D11E311A86002200D85859 /* Sources */,
				43D11E321A86002200D85859 /* Frameworks */,
				43D11E331A86002200D85859 /* Resources */,
			);
			buildRules = (
			);
			dependencies = (
				43D11E371A86002200D85859 /* PBXTargetDependency */,
			);
			name = BallonTests;
			productName = BallonTests;
			productReference = 43D11E351A86002200D85859 /* BallonTests.xctest */;
			productType = "com.apple.product-type.bundle.unit-test";
		};
/* End PBXNativeTarget section */

/* Begin PBXProject section */
		43D11E181A86002100D85859 /* Project object */ = {
			isa = PBXProject;
			attributes = {
				LastUpgradeCheck = 0620;
				ORGANIZATIONNAME = 51work6;
				TargetAttributes = {
					43D11E1F1A86002100D85859 = {
						CreatedOnToolsVersion = 6.2;
					};
					43D11E341A86002200D85859 = {
						CreatedOnToolsVersion = 6.2;
						TestTargetID = 43D11E1F1A86002100D85859;
					};
				};
			};
			buildConfigurationList = 43D11E1B1A86002100D85859 /* Build configuration list for PBXProject "Ballon" */;
			compatibilityVersion = "Xcode 3.2";
			developmentRegion = English;
			hasScannedForEncodings = 0;
			knownRegions = (
				en,
				Base,
			);
			mainGroup = 43D11E171A86002100D85859;
			productRefGroup = 43D11E211A86002100D85859 /* Products */;
			projectDirPath = "";
			projectRoot = "";
			targets = (
				43D11E1F1A86002100D85859 /* Ballon */,
				43D11E341A86002200D85859 /* BallonTests */,
			);
		};
/* End PBXProject section */

/* Begin PBXResourcesBuildPhase section */
		43D11E1E1A86002100D85859 /* Resources */ = {
			isa = PBXResourcesBuildPhase;
			buildActionMask = 2147483647;
			files = (
				43D11E7D1A86003A00D85859 /* 10034.png in Resources */,
				43D11E2B1A86002200D85859 /* Main.storyboard in Resources */,
				43D11E711A86003A00D85859 /* 10022.png in Resources */,
				43D11E681A86003A00D85859 /* 10013.png in Resources */,
				43D11E7F1A86003A00D85859 /* 10036.png in Resources */,
				43D11E781A86003A00D85859 /* 10029.png in Resources */,
				43D11E7A1A86003A00D85859 /* 10031.png in Resources */,
				43D11E741A86003A00D85859 /* 10025.png in Resources */,
				43D11E7E1A86003A00D85859 /* 10035.png in Resources */,
				43D11E761A86003A00D85859 /* 10027.png in Resources */,
				43D11E691A86003A00D85859 /* 10014.png in Resources */,
				43D11E831A86003A00D85859 /* 10040.png in Resources */,
				43D11E301A86002200D85859 /* LaunchScreen.xib in Resources */,
				43D11E701A86003A00D85859 /* 10021.png in Resources */,
				43D11E821A86003A00D85859 /* 10039.png in Resources */,
				43D11E6B1A86003A00D85859 /* 10016.png in Resources */,
				43D11E771A86003A00D85859 /* 10028.png in Resources */,
				43D11E6C1A86003A00D85859 /* 10017.png in Resources */,
				43D11E7C1A86003A00D85859 /* 10033.png in Resources */,
				43D11E801A86003A00D85859 /* 10037.png in Resources */,
				43D11E751A86003A00D85859 /* 10026.png in Resources */,
				43D11E6A1A86003A00D85859 /* 10015.png in Resources */,
				43D11E721A86003A00D85859 /* 10023.png in Resources */,
				43D11E651A86003A00D85859 /* 10010.png in Resources */,
				43D11E791A86003A00D85859 /* 10030.png in Resources */,
				43D11E2D1A86002200D85859 /* Images.xcassets in Resources */,
				43D11E811A86003A00D85859 /* 10038.png in Resources */,
				43D11E671A86003A00D85859 /* 10012.png in Resources */,
				43D11E731A86003A00D85859 /* 10024.png in Resources */,
				43D11E6E1A86003A00D85859 /* 10019.png in Resources */,
				43D11E7B1A86003A00D85859 /* 10032.png in Resources */,
				43D11E6F1A86003A00D85859 /* 10020.png in Resources */,
				43D11E6D1A86003A00D85859 /* 10018.png in Resources */,
				43D11E661A86003A00D85859 /* 10011.png in Resources */,
			);
			runOnlyForDeploymentPostprocessing = 0;
		};
		43D11E331A86002200D85859 /* Resources */ = {
			isa = PBXResourcesBuildPhase;
			buildActionMask = 2147483647;
			files = (
			);
			runOnlyForDeploymentPostprocessing = 0;
		};
/* End PBXResourcesBuildPhase section */

/* Begin PBXSourcesBuildPhase section */
		43D11E1C1A86002100D85859 /* Sources */ = {
			isa = PBXSourcesBuildPhase;
			buildActionMask = 2147483647;
			files = (
				43D11E281A86002200D85859 /* ViewController.swift in Sources */,
				43D11E261A86002200D85859 /* AppDelegate.swift in Sources */,
			);
			runOnlyForDeploymentPostprocessing = 0;
		};
		43D11E311A86002200D85859 /* Sources */ = {
			isa = PBXSourcesBuildPhase;
			buildActionMask = 2147483647;
			files = (
				43D11E3C1A86002200D85859 /* BallonTests.swift in Sources */,
			);
			runOnlyForDeploymentPostprocessing = 0;
		};
/* End PBXSourcesBuildPhase section */

/* Begin PBXTargetDependency section */
		43D11E371A86002200D85859 /* PBXTargetDependency */ = {
			isa = PBXTargetDependency;
			target = 43D11E1F1A86002100D85859 /* Ballon */;
			targetProxy = 43D11E361A86002200D85859 /* PBXContainerItemProxy */;
		};
/* End PBXTargetDependency section */

/* Begin PBXVariantGroup section */
		43D11E291A86002200D85859 /* Main.storyboard */ = {
			isa = PBXVariantGroup;
			children = (
				43D11E2A1A86002200D85859 /* Base */,
			);
			name = Main.storyboard;
			sourceTree = "<group>";
		};
		43D11E2E1A86002200D85859 /* LaunchScreen.xib */ = {
			isa = PBXVariantGroup;
			children = (
				43D11E2F1A86002200D85859 /* Base */,
			);
			name = LaunchScreen.xib;
			sourceTree = "<group>";
		};
/* End PBXVariantGroup section */

/* Begin XCBuildConfiguration section */
		43D11E3D1A86002200D85859 /* Debug */ = {
			isa = XCBuildConfiguration;
			buildSettings = {
				ALWAYS_SEARCH_USER_PATHS = NO;
				CLANG_CXX_LANGUAGE_STANDARD = "gnu++0x";
				CLANG_CXX_LIBRARY = "libc++";
				CLANG_ENABLE_MODULES = YES;
				CLANG_ENABLE_OBJC_ARC = YES;
				CLANG_WARN_BOOL_CONVERSION = YES;
				CLANG_WARN_CONSTANT_CONVERSION = YES;
				CLANG_WARN_DIRECT_OBJC_ISA_USAGE = YES_ERROR;
				CLANG_WARN_EMPTY_BODY = YES;
				CLANG_WARN_ENUM_CONVERSION = YES;
				CLANG_WARN_INT_CONVERSION = YES;
				CLANG_WARN_OBJC_ROOT_CLASS = YES_ERROR;
				CLANG_WARN_UNREACHABLE_CODE = YES;
				CLANG_WARN__DUPLICATE_METHOD_MATCH = YES;
				"CODE_SIGN_IDENTITY[sdk=iphoneos*]" = "iPhone Developer";
				COPY_PHASE_STRIP = NO;
				ENABLE_STRICT_OBJC_MSGSEND = YES;
				GCC_C_LANGUAGE_STANDARD = gnu99;
				GCC_DYNAMIC_NO_PIC = NO;
				GCC_OPTIMIZATION_LEVEL = 0;
				GCC_PREPROCESSOR_DEFINITIONS = (
					"DEBUG=1",
					"$(inherited)",
				);
				GCC_SYMBOLS_PRIVATE_EXTERN = NO;
				GCC_WARN_64_TO_32_BIT_CONVERSION = YES;
				GCC_WARN_ABOUT_RETURN_TYPE = YES_ERROR;
				GCC_WARN_UNDECLARED_SELECTOR = YES;
				GCC_WARN_UNINITIALIZED_AUTOS = YES_AGGRESSIVE;
				GCC_WARN_UNUSED_FUNCTION = YES;
				GCC_WARN_UNUSED_VARIABLE = YES;
				IPHONEOS_DEPLOYMENT_TARGET = 8.3;
				MTL_ENABLE_DEBUG_INFO = YES;
				ONLY_ACTIVE_ARCH = YES;
				SDKROOT = iphoneos;
				SWIFT_OPTIMIZATION_LEVEL = "-Onone";
			};
			name = Debug;
		};
		43D11E3E1A86002200D85859 /* Release */ = {
			isa = XCBuildConfiguration;
			buildSettings = {
				ALWAYS_SEARCH_USER_PATHS = NO;
				CLANG_CXX_LANGUAGE_STANDARD = "gnu++0x";
				CLANG_CXX_LIBRARY = "libc++";
				CLANG_ENABLE_MODULES = YES;
				CLANG_ENABLE_OBJC_ARC = YES;
				CLANG_WARN_BOOL_CONVERSION = YES;
				CLANG_WARN_CONSTANT_CONVERSION = YES;
				CLANG_WARN_DIRECT_OBJC_ISA_USAGE = YES_ERROR;
				CLANG_WARN_EMPTY_BODY = YES;
				CLANG_WARN_ENUM_CONVERSION = YES;
				CLANG_WARN_INT_CONVERSION = YES;
				CLANG_WARN_OBJC_ROOT_CLASS = YES_ERROR;
				CLANG_WARN_UNREACHABLE_CODE = YES;
				CLANG_WARN__DUPLICATE_METHOD_MATCH = YES;
				"CODE_SIGN_IDENTITY[sdk=iphoneos*]" = "iPhone Developer";
				COPY_PHASE_STRIP = NO;
				ENABLE_NS_ASSERTIONS = NO;
				ENABLE_STRICT_OBJC_MSGSEND = YES;
				GCC_C_LANGUAGE_STANDARD = gnu99;
				GCC_WARN_64_TO_32_BIT_CONVERSION = YES;
				GCC_WARN_ABOUT_RETURN_TYPE = YES_ERROR;
				GCC_WARN_UNDECLARED_SELECTOR = YES;
				GCC_WARN_UNINITIALIZED_AUTOS = YES_AGGRESSIVE;
				GCC_WARN_UNUSED_FUNCTION = YES;
				GCC_WARN_UNUSED_VARIABLE = YES;
				IPHONEOS_DEPLOYMENT_TARGET = 8.3;
				MTL_ENABLE_DEBUG_INFO = NO;
				SDKROOT = iphoneos;
				VALIDATE_PRODUCT = YES;
			};
			name = Release;
		};
		43D11E401A86002200D85859 /* Debug */ = {
			isa = XCBuildConfiguration;
			buildSettings = {
				ASSETCATALOG_COMPILER_APPICON_NAME = AppIcon;
				INFOPLIST_FILE = Ballon/Info.plist;
				LD_RUNPATH_SEARCH_PATHS = "$(inherited) @executable_path/Frameworks";
				PRODUCT_NAME = "$(TARGET_NAME)";
			};
			name = Debug;
		};
		43D11E411A86002200D85859 /* Release */ = {
			isa = XCBuildConfiguration;
			buildSettings = {
				ASSETCATALOG_COMPILER_APPICON_NAME = AppIcon;
				INFOPLIST_FILE = Ballon/Info.plist;
				LD_RUNPATH_SEARCH_PATHS = "$(inherited) @executable_path/Frameworks";
				PRODUCT_NAME = "$(TARGET_NAME)";
			};
			name = Release;
		};
		43D11E431A86002200D85859 /* Debug */ = {
			isa = XCBuildConfiguration;
			buildSettings = {
				BUNDLE_LOADER = "$(TEST_HOST)";
				FRAMEWORK_SEARCH_PATHS = (
					"$(SDKROOT)/Developer/Library/Frameworks",
					"$(inherited)",
				);
				GCC_PREPROCESSOR_DEFINITIONS = (
					"DEBUG=1",
					"$(inherited)",
				);
				INFOPLIST_FILE = BallonTests/Info.plist;
				LD_RUNPATH_SEARCH_PATHS = "$(inherited) @executable_path/Frameworks @loader_path/Frameworks";
				PRODUCT_NAME = "$(TARGET_NAME)";
				TEST_HOST = "$(BUILT_PRODUCTS_DIR)/Ballon.app/Ballon";
			};
			name = Debug;
		};
		43D11E441A86002200D85859 /* Release */ = {
			isa = XCBuildConfiguration;
			buildSettings = {
				BUNDLE_LOADER = "$(TEST_HOST)";
				FRAMEWORK_SEARCH_PATHS = (
					"$(SDKROOT)/Developer/Library/Frameworks",
					"$(inherited)",
				);
				INFOPLIST_FILE = BallonTests/Info.plist;
				LD_RUNPATH_SEARCH_PATHS = "$(inherited) @executable_path/Frameworks @loader_path/Frameworks";
				PRODUCT_NAME = "$(TARGET_NAME)";
				TEST_HOST = "$(BUILT_PRODUCTS_DIR)/Ballon.app/Ballon";
			};
			name = Release;
		};
/* End XCBuildConfiguration section */

/* Begin XCConfigurationList section */
		43D11E1B1A86002100D85859 /* Build configuration list for PBXProject "Ballon" */ = {
			isa = XCConfigurationList;
			buildConfigurations = (
				43D11E3D1A86002200D85859 /* Debug */,
				43D11E3E1A86002200D85859 /* Release */,
			);
			defaultConfigurationIsVisible = 0;
			defaultConfigurationName = Release;
		};
		43D11E3F1A86002200D85859 /* Build configuration list for PBXNativeTarget "Ballon" */ = {
			isa = XCConfigurationList;
			buildConfigurations = (
				43D11E401A86002200D85859 /* Debug */,
				43D11E411A86002200D85859 /* Release */,
			);
			defaultConfigurationIsVisible = 0;
			defaultConfigurationName = Release;
		};
		43D11E421A86002200D85859 /* Build configuration list for PBXNativeTarget "BallonTests" */ = {
			isa = XCConfigurationList;
			buildConfigurations = (
				43D11E431A86002200D85859 /* Debug */,
				43D11E441A86002200D85859 /* Release */,
			);
			defaultConfigurationIsVisible = 0;
			defaultConfigurationName = Release;
		};
/* End XCConfigurationList section */
	};
	rootObject = 43D11E181A86002100D85859 /* Project object */;
}
