// !$*UTF8*$!
{
	archiveVersion = 1;
	classes = {
	};
	objectVersion = 46;
	objects = {

/* Begin PBXBuildFile section */
		43543B8A1A8260E50061938E /* AppDelegate.swift in Sources */ = {isa = PBXBuildFile; fileRef = 43543B891A8260E50061938E /* AppDelegate.swift */; };
		43543B8C1A8260E50061938E /* ViewController.swift in Sources */ = {isa = PBXBuildFile; fileRef = 43543B8B1A8260E50061938E /* ViewController.swift */; };
		43543B8F1A8260E50061938E /* Main.storyboard in Resources */ = {isa = PBXBuildFile; fileRef = 43543B8D1A8260E50061938E /* Main.storyboard */; };
		43543B911A8260E50061938E /* Images.xcassets in Resources */ = {isa = PBXBuildFile; fileRef = 43543B901A8260E50061938E /* Images.xcassets */; };
		43543B941A8260E50061938E /* LaunchScreen.xib in Resources */ = {isa = PBXBuildFile; fileRef = 43543B921A8260E50061938E /* LaunchScreen.xib */; };
		43543BA01A8260E50061938E /* RotationGestureRecognizerTests.swift in Sources */ = {isa = PBXBuildFile; fileRef = 43543B9F1A8260E50061938E /* RotationGestureRecognizerTests.swift */; };
		43543BAB1A82612A0061938E /* Blend Trash Empty.png in Resources */ = {isa = PBXBuildFile; fileRef = 43543BA91A82612A0061938E /* Blend Trash Empty.png */; };
		43543BAC1A82612A0061938E /* Blend Trash Full.png in Resources */ = {isa = PBXBuildFile; fileRef = 43543BAA1A82612A0061938E /* Blend Trash Full.png */; };
/* End PBXBuildFile section */

/* Begin PBXContainerItemProxy section */
		43543B9A1A8260E50061938E /* PBXContainerItemProxy */ = {
			isa = PBXContainerItemProxy;
			containerPortal = 43543B7C1A8260E50061938E /* Project object */;
			proxyType = 1;
			remoteGlobalIDString = 43543B831A8260E50061938E;
			remoteInfo = RotationGestureRecognizer;
		};
/* End PBXContainerItemProxy section */

/* Begin PBXFileReference section */
		43543B841A8260E50061938E /* RotationGestureRecognizer.app */ = {isa = PBXFileReference; explicitFileType = wrapper.application; includeInIndex = 0; path = RotationGestureRecognizer.app; sourceTree = BUILT_PRODUCTS_DIR; };
		43543B881A8260E50061938E /* Info.plist */ = {isa = PBXFileReference; lastKnownFileType = text.plist.xml; path = Info.plist; sourceTree = "<group>"; };
		43543B891A8260E50061938E /* AppDelegate.swift */ = {isa = PBXFileReference; lastKnownFileType = sourcecode.swift; path = AppDelegate.swift; sourceTree = "<group>"; };
		43543B8B1A8260E50061938E /* ViewController.swift */ = {isa = PBXFileReference; lastKnownFileType = sourcecode.swift; path = ViewController.swift; sourceTree = "<group>"; };
		43543B8E1A8260E50061938E /* Base */ = {isa = PBXFileReference; lastKnownFileType = file.storyboard; name = Base; path = Base.lproj/Main.storyboard; sourceTree = "<group>"; };
		43543B901A8260E50061938E /* Images.xcassets */ = {isa = PBXFileReference; lastKnownFileType = folder.assetcatalog; path = Images.xcassets; sourceTree = "<group>"; };
		43543B931A8260E50061938E /* Base */ = {isa = PBXFileReference; lastKnownFileType = file.xib; name = Base; path = Base.lproj/LaunchScreen.xib; sourceTree = "<group>"; };
		43543B991A8260E50061938E /* RotationGestureRecognizerTests.xctest */ = {isa = PBXFileReference; explicitFileType = wrapper.cfbundle; includeInIndex = 0; path = RotationGestureRecognizerTests.xctest; sourceTree = BUILT_PRODUCTS_DIR; };
		43543B9E1A8260E50061938E /* Info.plist */ = {isa = PBXFileReference; lastKnownFileType = text.plist.xml; path = Info.plist; sourceTree = "<group>"; };
		43543B9F1A8260E50061938E /* RotationGestureRecognizerTests.swift */ = {isa = PBXFileReference; lastKnownFileType = sourcecode.swift; path = RotationGestureRecognizerTests.swift; sourceTree = "<group>"; };
		43543BA91A82612A0061938E /* Blend Trash Empty.png */ = {isa = PBXFileReference; lastKnownFileType = image.png; path = "Blend Trash Empty.png"; sourceTree = "<group>"; };
		43543BAA1A82612A0061938E /* Blend Trash Full.png */ = {isa = PBXFileReference; lastKnownFileType = image.png; path = "Blend Trash Full.png"; sourceTree = "<group>"; };
/* End PBXFileReference section */

/* Begin PBXFrameworksBuildPhase section */
		43543B811A8260E50061938E /* Frameworks */ = {
			isa = PBXFrameworksBuildPhase;
			buildActionMask = 2147483647;
			files = (
			);
			runOnlyForDeploymentPostprocessing = 0;
		};
		43543B961A8260E50061938E /* Frameworks */ = {
			isa = PBXFrameworksBuildPhase;
			buildActionMask = 2147483647;
			files = (
			);
			runOnlyForDeploymentPostprocessing = 0;
		};
/* End PBXFrameworksBuildPhase section */

/* Begin PBXGroup section */
		43543B7B1A8260E50061938E = {
			isa = PBXGroup;
			children = (
				43543B861A8260E50061938E /* RotationGestureRecognizer */,
				43543B9C1A8260E50061938E /* RotationGestureRecognizerTests */,
				43543B851A8260E50061938E /* Products */,
			);
			sourceTree = "<group>";
		};
		43543B851A8260E50061938E /* Products */ = {
			isa = PBXGroup;
			children = (
				43543B841A8260E50061938E /* RotationGestureRecognizer.app */,
				43543B991A8260E50061938E /* RotationGestureRecognizerTests.xctest */,
			);
			name = Products;
			sourceTree = "<group>";
		};
		43543B861A8260E50061938E /* RotationGestureRecognizer */ = {
			isa = PBXGroup;
			children = (
				43543BA91A82612A0061938E /* Blend Trash Empty.png */,
				43543BAA1A82612A0061938E /* Blend Trash Full.png */,
				43543B891A8260E50061938E /* AppDelegate.swift */,
				43543B8B1A8260E50061938E /* ViewController.swift */,
				43543B8D1A8260E50061938E /* Main.storyboard */,
				43543B901A8260E50061938E /* Images.xcassets */,
				43543B921A8260E50061938E /* LaunchScreen.xib */,
				43543B871A8260E50061938E /* Supporting Files */,
			);
			path = RotationGestureRecognizer;
			sourceTree = "<group>";
		};
		43543B871A8260E50061938E /* Supporting Files */ = {
			isa = PBXGroup;
			children = (
				43543B881A8260E50061938E /* Info.plist */,
			);
			name = "Supporting Files";
			sourceTree = "<group>";
		};
		43543B9C1A8260E50061938E /* RotationGestureRecognizerTests */ = {
			isa = PBXGroup;
			children = (
				43543B9F1A8260E50061938E /* RotationGestureRecognizerTests.swift */,
				43543B9D1A8260E50061938E /* Supporting Files */,
			);
			path = RotationGestureRecognizerTests;
			sourceTree = "<group>";
		};
		43543B9D1A8260E50061938E /* Supporting Files */ = {
			isa = PBXGroup;
			children = (
				43543B9E1A8260E50061938E /* Info.plist */,
			);
			name = "Supporting Files";
			sourceTree = "<group>";
		};
/* End PBXGroup section */

/* Begin PBXNativeTarget section */
		43543B831A8260E50061938E /* RotationGestureRecognizer */ = {
			isa = PBXNativeTarget;
			buildConfigurationList = 43543BA31A8260E50061938E /* Build configuration list for PBXNativeTarget "RotationGestureRecognizer" */;
			buildPhases = (
				43543B801A8260E50061938E /* Sources */,
				43543B811A8260E50061938E /* Frameworks */,
				43543B821A8260E50061938E /* Resources */,
			);
			buildRules = (
			);
			dependencies = (
			);
			name = RotationGestureRecognizer;
			productName = RotationGestureRecognizer;
			productReference = 43543B841A8260E50061938E /* RotationGestureRecognizer.app */;
			productType = "com.apple.product-type.application";
		};
		43543B981A8260E50061938E /* RotationGestureRecognizerTests */ = {
			isa = PBXNativeTarget;
			buildConfigurationList = 43543BA61A8260E50061938E /* Build configuration list for PBXNativeTarget "RotationGestureRecognizerTests" */;
			buildPhases = (
				43543B951A8260E50061938E /* Sources */,
				43543B961A8260E50061938E /* Frameworks */,
				43543B971A8260E50061938E /* Resources */,
			);
			buildRules = (
			);
			dependencies = (
				43543B9B1A8260E50061938E /* PBXTargetDependency */,
			);
			name = RotationGestureRecognizerTests;
			productName = RotationGestureRecognizerTests;
			productReference = 43543B991A8260E50061938E /* RotationGestureRecognizerTests.xctest */;
			productType = "com.apple.product-type.bundle.unit-test";
		};
/* End PBXNativeTarget section */

/* Begin PBXProject section */
		43543B7C1A8260E50061938E /* Project object */ = {
			isa = PBXProject;
			attributes = {
				LastUpgradeCheck = 0610;
				ORGANIZATIONNAME = 51work6;
				TargetAttributes = {
					43543B831A8260E50061938E = {
						CreatedOnToolsVersion = 6.1;
					};
					43543B981A8260E50061938E = {
						CreatedOnToolsVersion = 6.1;
						TestTargetID = 43543B831A8260E50061938E;
					};
				};
			};
			buildConfigurationList = 43543B7F1A8260E50061938E /* Build configuration list for PBXProject "RotationGestureRecognizer" */;
			compatibilityVersion = "Xcode 3.2";
			developmentRegion = English;
			hasScannedForEncodings = 0;
			knownRegions = (
				en,
				Base,
			);
			mainGroup = 43543B7B1A8260E50061938E;
			productRefGroup = 43543B851A8260E50061938E /* Products */;
			projectDirPath = "";
			projectRoot = "";
			targets = (
				43543B831A8260E50061938E /* RotationGestureRecognizer */,
				43543B981A8260E50061938E /* RotationGestureRecognizerTests */,
			);
		};
/* End PBXProject section */

/* Begin PBXResourcesBuildPhase section */
		43543B821A8260E50061938E /* Resources */ = {
			isa = PBXResourcesBuildPhase;
			buildActionMask = 2147483647;
			files = (
				43543B8F1A8260E50061938E /* Main.storyboard in Resources */,
				43543BAC1A82612A0061938E /* Blend Trash Full.png in Resources */,
				43543B941A8260E50061938E /* LaunchScreen.xib in Resources */,
				43543BAB1A82612A0061938E /* Blend Trash Empty.png in Resources */,
				43543B911A8260E50061938E /* Images.xcassets in Resources */,
			);
			runOnlyForDeploymentPostprocessing = 0;
		};
		43543B971A8260E50061938E /* Resources */ = {
			isa = PBXResourcesBuildPhase;
			buildActionMask = 2147483647;
			files = (
			);
			runOnlyForDeploymentPostprocessing = 0;
		};
/* End PBXResourcesBuildPhase section */

/* Begin PBXSourcesBuildPhase section */
		43543B801A8260E50061938E /* Sources */ = {
			isa = PBXSourcesBuildPhase;
			buildActionMask = 2147483647;
			files = (
				43543B8C1A8260E50061938E /* ViewController.swift in Sources */,
				43543B8A1A8260E50061938E /* AppDelegate.swift in Sources */,
			);
			runOnlyForDeploymentPostprocessing = 0;
		};
		43543B951A8260E50061938E /* Sources */ = {
			isa = PBXSourcesBuildPhase;
			buildActionMask = 2147483647;
			files = (
				43543BA01A8260E50061938E /* RotationGestureRecognizerTests.swift in Sources */,
			);
			runOnlyForDeploymentPostprocessing = 0;
		};
/* End PBXSourcesBuildPhase section */

/* Begin PBXTargetDependency section */
		43543B9B1A8260E50061938E /* PBXTargetDependency */ = {
			isa = PBXTargetDependency;
			target = 43543B831A8260E50061938E /* RotationGestureRecognizer */;
			targetProxy = 43543B9A1A8260E50061938E /* PBXContainerItemProxy */;
		};
/* End PBXTargetDependency section */

/* Begin PBXVariantGroup section */
		43543B8D1A8260E50061938E /* Main.storyboard */ = {
			isa = PBXVariantGroup;
			children = (
				43543B8E1A8260E50061938E /* Base */,
			);
			name = Main.storyboard;
			sourceTree = "<group>";
		};
		43543B921A8260E50061938E /* LaunchScreen.xib */ = {
			isa = PBXVariantGroup;
			children = (
				43543B931A8260E50061938E /* Base */,
			);
			name = LaunchScreen.xib;
			sourceTree = "<group>";
		};
/* End PBXVariantGroup section */

/* Begin XCBuildConfiguration section */
		43543BA11A8260E50061938E /* Debug */ = {
			isa = XCBuildConfiguration;
			buildSettings = {
				ALWAYS_SEARCH_USER_PATHS = NO;
				CLANG_CXX_LANGUAGE_STANDARD = "gnu++0x";
				CLANG_CXX_LIBRARY = "libc++";
				CLANG_ENABLE_MODULES = YES;
				CLANG_ENABLE_OBJC_ARC = YES;
				CLANG_WARN_BOOL_CONVERSION = YES;
				CLANG_WARN_CONSTANT_CONVERSION = YES;
				CLANG_WARN_DIRECT_OBJC_ISA_USAGE = YES_ERROR;
				CLANG_WARN_EMPTY_BODY = YES;
				CLANG_WARN_ENUM_CONVERSION = YES;
				CLANG_WARN_INT_CONVERSION = YES;
				CLANG_WARN_OBJC_ROOT_CLASS = YES_ERROR;
				CLANG_WARN_UNREACHABLE_CODE = YES;
				CLANG_WARN__DUPLICATE_METHOD_MATCH = YES;
				"CODE_SIGN_IDENTITY[sdk=iphoneos*]" = "iPhone Developer";
				COPY_PHASE_STRIP = NO;
				ENABLE_STRICT_OBJC_MSGSEND = YES;
				GCC_C_LANGUAGE_STANDARD = gnu99;
				GCC_DYNAMIC_NO_PIC = NO;
				GCC_OPTIMIZATION_LEVEL = 0;
				GCC_PREPROCESSOR_DEFINITIONS = (
					"DEBUG=1",
					"$(inherited)",
				);
				GCC_SYMBOLS_PRIVATE_EXTERN = NO;
				GCC_WARN_64_TO_32_BIT_CONVERSION = YES;
				GCC_WARN_ABOUT_RETURN_TYPE = YES_ERROR;
				GCC_WARN_UNDECLARED_SELECTOR = YES;
				GCC_WARN_UNINITIALIZED_AUTOS = YES_AGGRESSIVE;
				GCC_WARN_UNUSED_FUNCTION = YES;
				GCC_WARN_UNUSED_VARIABLE = YES;
				IPHONEOS_DEPLOYMENT_TARGET = 8.3;
				MTL_ENABLE_DEBUG_INFO = YES;
				ONLY_ACTIVE_ARCH = YES;
				SDKROOT = iphoneos;
				SWIFT_OPTIMIZATION_LEVEL = "-Onone";
			};
			name = Debug;
		};
		43543BA21A8260E50061938E /* Release */ = {
			isa = XCBuildConfiguration;
			buildSettings = {
				ALWAYS_SEARCH_USER_PATHS = NO;
				CLANG_CXX_LANGUAGE_STANDARD = "gnu++0x";
				CLANG_CXX_LIBRARY = "libc++";
				CLANG_ENABLE_MODULES = YES;
				CLANG_ENABLE_OBJC_ARC = YES;
				CLANG_WARN_BOOL_CONVERSION = YES;
				CLANG_WARN_CONSTANT_CONVERSION = YES;
				CLANG_WARN_DIRECT_OBJC_ISA_USAGE = YES_ERROR;
				CLANG_WARN_EMPTY_BODY = YES;
				CLANG_WARN_ENUM_CONVERSION = YES;
				CLANG_WARN_INT_CONVERSION = YES;
				CLANG_WARN_OBJC_ROOT_CLASS = YES_ERROR;
				CLANG_WARN_UNREACHABLE_CODE = YES;
				CLANG_WARN__DUPLICATE_METHOD_MATCH = YES;
				"CODE_SIGN_IDENTITY[sdk=iphoneos*]" = "iPhone Developer";
				COPY_PHASE_STRIP = YES;
				ENABLE_NS_ASSERTIONS = NO;
				ENABLE_STRICT_OBJC_MSGSEND = YES;
				GCC_C_LANGUAGE_STANDARD = gnu99;
				GCC_WARN_64_TO_32_BIT_CONVERSION = YES;
				GCC_WARN_ABOUT_RETURN_TYPE = YES_ERROR;
				GCC_WARN_UNDECLARED_SELECTOR = YES;
				GCC_WARN_UNINITIALIZED_AUTOS = YES_AGGRESSIVE;
				GCC_WARN_UNUSED_FUNCTION = YES;
				GCC_WARN_UNUSED_VARIABLE = YES;
				IPHONEOS_DEPLOYMENT_TARGET = 8.3;
				MTL_ENABLE_DEBUG_INFO = NO;
				SDKROOT = iphoneos;
				VALIDATE_PRODUCT = YES;
			};
			name = Release;
		};
		43543BA41A8260E50061938E /* Debug */ = {
			isa = XCBuildConfiguration;
			buildSettings = {
				ASSETCATALOG_COMPILER_APPICON_NAME = AppIcon;
				INFOPLIST_FILE = RotationGestureRecognizer/Info.plist;
				LD_RUNPATH_SEARCH_PATHS = "$(inherited) @executable_path/Frameworks";
				PRODUCT_NAME = "$(TARGET_NAME)";
			};
			name = Debug;
		};
		43543BA51A8260E50061938E /* Release */ = {
			isa = XCBuildConfiguration;
			buildSettings = {
				ASSETCATALOG_COMPILER_APPICON_NAME = AppIcon;
				INFOPLIST_FILE = RotationGestureRecognizer/Info.plist;
				LD_RUNPATH_SEARCH_PATHS = "$(inherited) @executable_path/Frameworks";
				PRODUCT_NAME = "$(TARGET_NAME)";
			};
			name = Release;
		};
		43543BA71A8260E50061938E /* Debug */ = {
			isa = XCBuildConfiguration;
			buildSettings = {
				BUNDLE_LOADER = "$(TEST_HOST)";
				FRAMEWORK_SEARCH_PATHS = (
					"$(SDKROOT)/Developer/Library/Frameworks",
					"$(inherited)",
				);
				GCC_PREPROCESSOR_DEFINITIONS = (
					"DEBUG=1",
					"$(inherited)",
				);
				INFOPLIST_FILE = RotationGestureRecognizerTests/Info.plist;
				LD_RUNPATH_SEARCH_PATHS = "$(inherited) @executable_path/Frameworks @loader_path/Frameworks";
				PRODUCT_NAME = "$(TARGET_NAME)";
				TEST_HOST = "$(BUILT_PRODUCTS_DIR)/RotationGestureRecognizer.app/RotationGestureRecognizer";
			};
			name = Debug;
		};
		43543BA81A8260E50061938E /* Release */ = {
			isa = XCBuildConfiguration;
			buildSettings = {
				BUNDLE_LOADER = "$(TEST_HOST)";
				FRAMEWORK_SEARCH_PATHS = (
					"$(SDKROOT)/Developer/Library/Frameworks",
					"$(inherited)",
				);
				INFOPLIST_FILE = RotationGestureRecognizerTests/Info.plist;
				LD_RUNPATH_SEARCH_PATHS = "$(inherited) @executable_path/Frameworks @loader_path/Frameworks";
				PRODUCT_NAME = "$(TARGET_NAME)";
				TEST_HOST = "$(BUILT_PRODUCTS_DIR)/RotationGestureRecognizer.app/RotationGestureRecognizer";
			};
			name = Release;
		};
/* End XCBuildConfiguration section */

/* Begin XCConfigurationList section */
		43543B7F1A8260E50061938E /* Build configuration list for PBXProject "RotationGestureRecognizer" */ = {
			isa = XCConfigurationList;
			buildConfigurations = (
				43543BA11A8260E50061938E /* Debug */,
				43543BA21A8260E50061938E /* Release */,
			);
			defaultConfigurationIsVisible = 0;
			defaultConfigurationName = Release;
		};
		43543BA31A8260E50061938E /* Build configuration list for PBXNativeTarget "RotationGestureRecognizer" */ = {
			isa = XCConfigurationList;
			buildConfigurations = (
				43543BA41A8260E50061938E /* Debug */,
				43543BA51A8260E50061938E /* Release */,
			);
			defaultConfigurationIsVisible = 0;
			defaultConfigurationName = Release;
		};
		43543BA61A8260E50061938E /* Build configuration list for PBXNativeTarget "RotationGestureRecognizerTests" */ = {
			isa = XCConfigurationList;
			buildConfigurations = (
				43543BA71A8260E50061938E /* Debug */,
				43543BA81A8260E50061938E /* Release */,
			);
			defaultConfigurationIsVisible = 0;
			defaultConfigurationName = Release;
		};
/* End XCConfigurationList section */
	};
	rootObject = 43543B7C1A8260E50061938E /* Project object */;
}
