// !$*UTF8*$!
{
	archiveVersion = 1;
	classes = {
	};
	objectVersion = 46;
	objects = {

/* Begin PBXBuildFile section */
		EABE3C3519FBDEF10087BBF0 /* AppDelegate.swift in Sources */ = {isa = PBXBuildFile; fileRef = EABE3C3419FBDEF10087BBF0 /* AppDelegate.swift */; };
		EABE3C3719FBDEF10087BBF0 /* ViewController.swift in Sources */ = {isa = PBXBuildFile; fileRef = EABE3C3619FBDEF10087BBF0 /* ViewController.swift */; };
		EABE3C3A19FBDEF10087BBF0 /* Main.storyboard in Resources */ = {isa = PBXBuildFile; fileRef = EABE3C3819FBDEF10087BBF0 /* Main.storyboard */; };
		EABE3C3C19FBDEF10087BBF0 /* Images.xcassets in Resources */ = {isa = PBXBuildFile; fileRef = EABE3C3B19FBDEF10087BBF0 /* Images.xcassets */; };
		EABE3C3F19FBDEF10087BBF0 /* LaunchScreen.xib in Resources */ = {isa = PBXBuildFile; fileRef = EABE3C3D19FBDEF10087BBF0 /* LaunchScreen.xib */; };
		EABE3C4B19FBDEF10087BBF0 /* ReverseGeocodeTests.swift in Sources */ = {isa = PBXBuildFile; fileRef = EABE3C4A19FBDEF10087BBF0 /* ReverseGeocodeTests.swift */; };
/* End PBXBuildFile section */

/* Begin PBXContainerItemProxy section */
		EABE3C4519FBDEF10087BBF0 /* PBXContainerItemProxy */ = {
			isa = PBXContainerItemProxy;
			containerPortal = EABE3C2719FBDEF10087BBF0 /* Project object */;
			proxyType = 1;
			remoteGlobalIDString = EABE3C2E19FBDEF10087BBF0;
			remoteInfo = ReverseGeocode;
		};
/* End PBXContainerItemProxy section */

/* Begin PBXFileReference section */
		EABE3C2F19FBDEF10087BBF0 /* ReverseGeocode.app */ = {isa = PBXFileReference; explicitFileType = wrapper.application; includeInIndex = 0; path = ReverseGeocode.app; sourceTree = BUILT_PRODUCTS_DIR; };
		EABE3C3319FBDEF10087BBF0 /* Info.plist */ = {isa = PBXFileReference; lastKnownFileType = text.plist.xml; path = Info.plist; sourceTree = "<group>"; };
		EABE3C3419FBDEF10087BBF0 /* AppDelegate.swift */ = {isa = PBXFileReference; lastKnownFileType = sourcecode.swift; path = AppDelegate.swift; sourceTree = "<group>"; };
		EABE3C3619FBDEF10087BBF0 /* ViewController.swift */ = {isa = PBXFileReference; lastKnownFileType = sourcecode.swift; path = ViewController.swift; sourceTree = "<group>"; };
		EABE3C3919FBDEF10087BBF0 /* Base */ = {isa = PBXFileReference; lastKnownFileType = file.storyboard; name = Base; path = Base.lproj/Main.storyboard; sourceTree = "<group>"; };
		EABE3C3B19FBDEF10087BBF0 /* Images.xcassets */ = {isa = PBXFileReference; lastKnownFileType = folder.assetcatalog; path = Images.xcassets; sourceTree = "<group>"; };
		EABE3C3E19FBDEF10087BBF0 /* Base */ = {isa = PBXFileReference; lastKnownFileType = file.xib; name = Base; path = Base.lproj/LaunchScreen.xib; sourceTree = "<group>"; };
		EABE3C4419FBDEF10087BBF0 /* ReverseGeocodeTests.xctest */ = {isa = PBXFileReference; explicitFileType = wrapper.cfbundle; includeInIndex = 0; path = ReverseGeocodeTests.xctest; sourceTree = BUILT_PRODUCTS_DIR; };
		EABE3C4919FBDEF10087BBF0 /* Info.plist */ = {isa = PBXFileReference; lastKnownFileType = text.plist.xml; path = Info.plist; sourceTree = "<group>"; };
		EABE3C4A19FBDEF10087BBF0 /* ReverseGeocodeTests.swift */ = {isa = PBXFileReference; lastKnownFileType = sourcecode.swift; path = ReverseGeocodeTests.swift; sourceTree = "<group>"; };
/* End PBXFileReference section */

/* Begin PBXFrameworksBuildPhase section */
		EABE3C2C19FBDEF10087BBF0 /* Frameworks */ = {
			isa = PBXFrameworksBuildPhase;
			buildActionMask = 2147483647;
			files = (
			);
			runOnlyForDeploymentPostprocessing = 0;
		};
		EABE3C4119FBDEF10087BBF0 /* Frameworks */ = {
			isa = PBXFrameworksBuildPhase;
			buildActionMask = 2147483647;
			files = (
			);
			runOnlyForDeploymentPostprocessing = 0;
		};
/* End PBXFrameworksBuildPhase section */

/* Begin PBXGroup section */
		EABE3C2619FBDEF10087BBF0 = {
			isa = PBXGroup;
			children = (
				EABE3C3119FBDEF10087BBF0 /* ReverseGeocode */,
				EABE3C4719FBDEF10087BBF0 /* ReverseGeocodeTests */,
				EABE3C3019FBDEF10087BBF0 /* Products */,
			);
			sourceTree = "<group>";
		};
		EABE3C3019FBDEF10087BBF0 /* Products */ = {
			isa = PBXGroup;
			children = (
				EABE3C2F19FBDEF10087BBF0 /* ReverseGeocode.app */,
				EABE3C4419FBDEF10087BBF0 /* ReverseGeocodeTests.xctest */,
			);
			name = Products;
			sourceTree = "<group>";
		};
		EABE3C3119FBDEF10087BBF0 /* ReverseGeocode */ = {
			isa = PBXGroup;
			children = (
				EABE3C3419FBDEF10087BBF0 /* AppDelegate.swift */,
				EABE3C3619FBDEF10087BBF0 /* ViewController.swift */,
				EABE3C3819FBDEF10087BBF0 /* Main.storyboard */,
				EABE3C3B19FBDEF10087BBF0 /* Images.xcassets */,
				EABE3C3D19FBDEF10087BBF0 /* LaunchScreen.xib */,
				EABE3C3219FBDEF10087BBF0 /* Supporting Files */,
			);
			path = ReverseGeocode;
			sourceTree = "<group>";
		};
		EABE3C3219FBDEF10087BBF0 /* Supporting Files */ = {
			isa = PBXGroup;
			children = (
				EABE3C3319FBDEF10087BBF0 /* Info.plist */,
			);
			name = "Supporting Files";
			sourceTree = "<group>";
		};
		EABE3C4719FBDEF10087BBF0 /* ReverseGeocodeTests */ = {
			isa = PBXGroup;
			children = (
				EABE3C4A19FBDEF10087BBF0 /* ReverseGeocodeTests.swift */,
				EABE3C4819FBDEF10087BBF0 /* Supporting Files */,
			);
			path = ReverseGeocodeTests;
			sourceTree = "<group>";
		};
		EABE3C4819FBDEF10087BBF0 /* Supporting Files */ = {
			isa = PBXGroup;
			children = (
				EABE3C4919FBDEF10087BBF0 /* Info.plist */,
			);
			name = "Supporting Files";
			sourceTree = "<group>";
		};
/* End PBXGroup section */

/* Begin PBXNativeTarget section */
		EABE3C2E19FBDEF10087BBF0 /* ReverseGeocode */ = {
			isa = PBXNativeTarget;
			buildConfigurationList = EABE3C4E19FBDEF10087BBF0 /* Build configuration list for PBXNativeTarget "ReverseGeocode" */;
			buildPhases = (
				EABE3C2B19FBDEF10087BBF0 /* Sources */,
				EABE3C2C19FBDEF10087BBF0 /* Frameworks */,
				EABE3C2D19FBDEF10087BBF0 /* Resources */,
			);
			buildRules = (
			);
			dependencies = (
			);
			name = ReverseGeocode;
			productName = ReverseGeocode;
			productReference = EABE3C2F19FBDEF10087BBF0 /* ReverseGeocode.app */;
			productType = "com.apple.product-type.application";
		};
		EABE3C4319FBDEF10087BBF0 /* ReverseGeocodeTests */ = {
			isa = PBXNativeTarget;
			buildConfigurationList = EABE3C5119FBDEF10087BBF0 /* Build configuration list for PBXNativeTarget "ReverseGeocodeTests" */;
			buildPhases = (
				EABE3C4019FBDEF10087BBF0 /* Sources */,
				EABE3C4119FBDEF10087BBF0 /* Frameworks */,
				EABE3C4219FBDEF10087BBF0 /* Resources */,
			);
			buildRules = (
			);
			dependencies = (
				EABE3C4619FBDEF10087BBF0 /* PBXTargetDependency */,
			);
			name = ReverseGeocodeTests;
			productName = ReverseGeocodeTests;
			productReference = EABE3C4419FBDEF10087BBF0 /* ReverseGeocodeTests.xctest */;
			productType = "com.apple.product-type.bundle.unit-test";
		};
/* End PBXNativeTarget section */

/* Begin PBXProject section */
		EABE3C2719FBDEF10087BBF0 /* Project object */ = {
			isa = PBXProject;
			attributes = {
				LastUpgradeCheck = 0610;
				ORGANIZATIONNAME = tony;
				TargetAttributes = {
					EABE3C2E19FBDEF10087BBF0 = {
						CreatedOnToolsVersion = 6.1;
					};
					EABE3C4319FBDEF10087BBF0 = {
						CreatedOnToolsVersion = 6.1;
						TestTargetID = EABE3C2E19FBDEF10087BBF0;
					};
				};
			};
			buildConfigurationList = EABE3C2A19FBDEF10087BBF0 /* Build configuration list for PBXProject "ReverseGeocode" */;
			compatibilityVersion = "Xcode 3.2";
			developmentRegion = English;
			hasScannedForEncodings = 0;
			knownRegions = (
				en,
				Base,
			);
			mainGroup = EABE3C2619FBDEF10087BBF0;
			productRefGroup = EABE3C3019FBDEF10087BBF0 /* Products */;
			projectDirPath = "";
			projectRoot = "";
			targets = (
				EABE3C2E19FBDEF10087BBF0 /* ReverseGeocode */,
				EABE3C4319FBDEF10087BBF0 /* ReverseGeocodeTests */,
			);
		};
/* End PBXProject section */

/* Begin PBXResourcesBuildPhase section */
		EABE3C2D19FBDEF10087BBF0 /* Resources */ = {
			isa = PBXResourcesBuildPhase;
			buildActionMask = 2147483647;
			files = (
				EABE3C3A19FBDEF10087BBF0 /* Main.storyboard in Resources */,
				EABE3C3F19FBDEF10087BBF0 /* LaunchScreen.xib in Resources */,
				EABE3C3C19FBDEF10087BBF0 /* Images.xcassets in Resources */,
			);
			runOnlyForDeploymentPostprocessing = 0;
		};
		EABE3C4219FBDEF10087BBF0 /* Resources */ = {
			isa = PBXResourcesBuildPhase;
			buildActionMask = 2147483647;
			files = (
			);
			runOnlyForDeploymentPostprocessing = 0;
		};
/* End PBXResourcesBuildPhase section */

/* Begin PBXSourcesBuildPhase section */
		EABE3C2B19FBDEF10087BBF0 /* Sources */ = {
			isa = PBXSourcesBuildPhase;
			buildActionMask = 2147483647;
			files = (
				EABE3C3719FBDEF10087BBF0 /* ViewController.swift in Sources */,
				EABE3C3519FBDEF10087BBF0 /* AppDelegate.swift in Sources */,
			);
			runOnlyForDeploymentPostprocessing = 0;
		};
		EABE3C4019FBDEF10087BBF0 /* Sources */ = {
			isa = PBXSourcesBuildPhase;
			buildActionMask = 2147483647;
			files = (
				EABE3C4B19FBDEF10087BBF0 /* ReverseGeocodeTests.swift in Sources */,
			);
			runOnlyForDeploymentPostprocessing = 0;
		};
/* End PBXSourcesBuildPhase section */

/* Begin PBXTargetDependency section */
		EABE3C4619FBDEF10087BBF0 /* PBXTargetDependency */ = {
			isa = PBXTargetDependency;
			target = EABE3C2E19FBDEF10087BBF0 /* ReverseGeocode */;
			targetProxy = EABE3C4519FBDEF10087BBF0 /* PBXContainerItemProxy */;
		};
/* End PBXTargetDependency section */

/* Begin PBXVariantGroup section */
		EABE3C3819FBDEF10087BBF0 /* Main.storyboard */ = {
			isa = PBXVariantGroup;
			children = (
				EABE3C3919FBDEF10087BBF0 /* Base */,
			);
			name = Main.storyboard;
			sourceTree = "<group>";
		};
		EABE3C3D19FBDEF10087BBF0 /* LaunchScreen.xib */ = {
			isa = PBXVariantGroup;
			children = (
				EABE3C3E19FBDEF10087BBF0 /* Base */,
			);
			name = LaunchScreen.xib;
			sourceTree = "<group>";
		};
/* End PBXVariantGroup section */

/* Begin XCBuildConfiguration section */
		EABE3C4C19FBDEF10087BBF0 /* Debug */ = {
			isa = XCBuildConfiguration;
			buildSettings = {
				ALWAYS_SEARCH_USER_PATHS = NO;
				CLANG_CXX_LANGUAGE_STANDARD = "gnu++0x";
				CLANG_CXX_LIBRARY = "libc++";
				CLANG_ENABLE_MODULES = YES;
				CLANG_ENABLE_OBJC_ARC = YES;
				CLANG_WARN_BOOL_CONVERSION = YES;
				CLANG_WARN_CONSTANT_CONVERSION = YES;
				CLANG_WARN_DIRECT_OBJC_ISA_USAGE = YES_ERROR;
				CLANG_WARN_EMPTY_BODY = YES;
				CLANG_WARN_ENUM_CONVERSION = YES;
				CLANG_WARN_INT_CONVERSION = YES;
				CLANG_WARN_OBJC_ROOT_CLASS = YES_ERROR;
				CLANG_WARN_UNREACHABLE_CODE = YES;
				CLANG_WARN__DUPLICATE_METHOD_MATCH = YES;
				"CODE_SIGN_IDENTITY[sdk=iphoneos*]" = "iPhone Developer";
				COPY_PHASE_STRIP = NO;
				ENABLE_STRICT_OBJC_MSGSEND = YES;
				GCC_C_LANGUAGE_STANDARD = gnu99;
				GCC_DYNAMIC_NO_PIC = NO;
				GCC_OPTIMIZATION_LEVEL = 0;
				GCC_PREPROCESSOR_DEFINITIONS = (
					"DEBUG=1",
					"$(inherited)",
				);
				GCC_SYMBOLS_PRIVATE_EXTERN = NO;
				GCC_WARN_64_TO_32_BIT_CONVERSION = YES;
				GCC_WARN_ABOUT_RETURN_TYPE = YES_ERROR;
				GCC_WARN_UNDECLARED_SELECTOR = YES;
				GCC_WARN_UNINITIALIZED_AUTOS = YES_AGGRESSIVE;
				GCC_WARN_UNUSED_FUNCTION = YES;
				GCC_WARN_UNUSED_VARIABLE = YES;
				IPHONEOS_DEPLOYMENT_TARGET = 8.3;
				MTL_ENABLE_DEBUG_INFO = YES;
				ONLY_ACTIVE_ARCH = YES;
				SDKROOT = iphoneos;
				SWIFT_OPTIMIZATION_LEVEL = "-Onone";
			};
			name = Debug;
		};
		EABE3C4D19FBDEF10087BBF0 /* Release */ = {
			isa = XCBuildConfiguration;
			buildSettings = {
				ALWAYS_SEARCH_USER_PATHS = NO;
				CLANG_CXX_LANGUAGE_STANDARD = "gnu++0x";
				CLANG_CXX_LIBRARY = "libc++";
				CLANG_ENABLE_MODULES = YES;
				CLANG_ENABLE_OBJC_ARC = YES;
				CLANG_WARN_BOOL_CONVERSION = YES;
				CLANG_WARN_CONSTANT_CONVERSION = YES;
				CLANG_WARN_DIRECT_OBJC_ISA_USAGE = YES_ERROR;
				CLANG_WARN_EMPTY_BODY = YES;
				CLANG_WARN_ENUM_CONVERSION = YES;
				CLANG_WARN_INT_CONVERSION = YES;
				CLANG_WARN_OBJC_ROOT_CLASS = YES_ERROR;
				CLANG_WARN_UNREACHABLE_CODE = YES;
				CLANG_WARN__DUPLICATE_METHOD_MATCH = YES;
				"CODE_SIGN_IDENTITY[sdk=iphoneos*]" = "iPhone Developer";
				COPY_PHASE_STRIP = YES;
				ENABLE_NS_ASSERTIONS = NO;
				ENABLE_STRICT_OBJC_MSGSEND = YES;
				GCC_C_LANGUAGE_STANDARD = gnu99;
				GCC_WARN_64_TO_32_BIT_CONVERSION = YES;
				GCC_WARN_ABOUT_RETURN_TYPE = YES_ERROR;
				GCC_WARN_UNDECLARED_SELECTOR = YES;
				GCC_WARN_UNINITIALIZED_AUTOS = YES_AGGRESSIVE;
				GCC_WARN_UNUSED_FUNCTION = YES;
				GCC_WARN_UNUSED_VARIABLE = YES;
				IPHONEOS_DEPLOYMENT_TARGET = 8.3;
				MTL_ENABLE_DEBUG_INFO = NO;
				SDKROOT = iphoneos;
				VALIDATE_PRODUCT = YES;
			};
			name = Release;
		};
		EABE3C4F19FBDEF10087BBF0 /* Debug */ = {
			isa = XCBuildConfiguration;
			buildSettings = {
				ASSETCATALOG_COMPILER_APPICON_NAME = AppIcon;
				INFOPLIST_FILE = ReverseGeocode/Info.plist;
				LD_RUNPATH_SEARCH_PATHS = "$(inherited) @executable_path/Frameworks";
				PRODUCT_NAME = "$(TARGET_NAME)";
			};
			name = Debug;
		};
		EABE3C5019FBDEF10087BBF0 /* Release */ = {
			isa = XCBuildConfiguration;
			buildSettings = {
				ASSETCATALOG_COMPILER_APPICON_NAME = AppIcon;
				INFOPLIST_FILE = ReverseGeocode/Info.plist;
				LD_RUNPATH_SEARCH_PATHS = "$(inherited) @executable_path/Frameworks";
				PRODUCT_NAME = "$(TARGET_NAME)";
			};
			name = Release;
		};
		EABE3C5219FBDEF10087BBF0 /* Debug */ = {
			isa = XCBuildConfiguration;
			buildSettings = {
				BUNDLE_LOADER = "$(TEST_HOST)";
				FRAMEWORK_SEARCH_PATHS = (
					"$(SDKROOT)/Developer/Library/Frameworks",
					"$(inherited)",
				);
				GCC_PREPROCESSOR_DEFINITIONS = (
					"DEBUG=1",
					"$(inherited)",
				);
				INFOPLIST_FILE = ReverseGeocodeTests/Info.plist;
				LD_RUNPATH_SEARCH_PATHS = "$(inherited) @executable_path/Frameworks @loader_path/Frameworks";
				PRODUCT_NAME = "$(TARGET_NAME)";
				TEST_HOST = "$(BUILT_PRODUCTS_DIR)/ReverseGeocode.app/ReverseGeocode";
			};
			name = Debug;
		};
		EABE3C5319FBDEF10087BBF0 /* Release */ = {
			isa = XCBuildConfiguration;
			buildSettings = {
				BUNDLE_LOADER = "$(TEST_HOST)";
				FRAMEWORK_SEARCH_PATHS = (
					"$(SDKROOT)/Developer/Library/Frameworks",
					"$(inherited)",
				);
				INFOPLIST_FILE = ReverseGeocodeTests/Info.plist;
				LD_RUNPATH_SEARCH_PATHS = "$(inherited) @executable_path/Frameworks @loader_path/Frameworks";
				PRODUCT_NAME = "$(TARGET_NAME)";
				TEST_HOST = "$(BUILT_PRODUCTS_DIR)/ReverseGeocode.app/ReverseGeocode";
			};
			name = Release;
		};
/* End XCBuildConfiguration section */

/* Begin XCConfigurationList section */
		EABE3C2A19FBDEF10087BBF0 /* Build configuration list for PBXProject "ReverseGeocode" */ = {
			isa = XCConfigurationList;
			buildConfigurations = (
				EABE3C4C19FBDEF10087BBF0 /* Debug */,
				EABE3C4D19FBDEF10087BBF0 /* Release */,
			);
			defaultConfigurationIsVisible = 0;
			defaultConfigurationName = Release;
		};
		EABE3C4E19FBDEF10087BBF0 /* Build configuration list for PBXNativeTarget "ReverseGeocode" */ = {
			isa = XCConfigurationList;
			buildConfigurations = (
				EABE3C4F19FBDEF10087BBF0 /* Debug */,
				EABE3C5019FBDEF10087BBF0 /* Release */,
			);
			defaultConfigurationIsVisible = 0;
			defaultConfigurationName = Release;
		};
		EABE3C5119FBDEF10087BBF0 /* Build configuration list for PBXNativeTarget "ReverseGeocodeTests" */ = {
			isa = XCConfigurationList;
			buildConfigurations = (
				EABE3C5219FBDEF10087BBF0 /* Debug */,
				EABE3C5319FBDEF10087BBF0 /* Release */,
			);
			defaultConfigurationIsVisible = 0;
			defaultConfigurationName = Release;
		};
/* End XCConfigurationList section */
	};
	rootObject = EABE3C2719FBDEF10087BBF0 /* Project object */;
}
