// !$*UTF8*$!
{
	archiveVersion = 1;
	classes = {
	};
	objectVersion = 46;
	objects = {

/* Begin PBXBuildFile section */
		43B458A21A849534007427A1 /* AppDelegate.swift in Sources */ = {isa = PBXBuildFile; fileRef = 43B458A11A849534007427A1 /* AppDelegate.swift */; };
		43B458A41A849534007427A1 /* ViewController.swift in Sources */ = {isa = PBXBuildFile; fileRef = 43B458A31A849534007427A1 /* ViewController.swift */; };
		43B458A71A849534007427A1 /* Main.storyboard in Resources */ = {isa = PBXBuildFile; fileRef = 43B458A51A849534007427A1 /* Main.storyboard */; };
		43B458A91A849534007427A1 /* Images.xcassets in Resources */ = {isa = PBXBuildFile; fileRef = 43B458A81A849534007427A1 /* Images.xcassets */; };
		43B458AC1A849534007427A1 /* LaunchScreen.xib in Resources */ = {isa = PBXBuildFile; fileRef = 43B458AA1A849534007427A1 /* LaunchScreen.xib */; };
		43B458B81A849534007427A1 /* MotionShakeTests.swift in Sources */ = {isa = PBXBuildFile; fileRef = 43B458B71A849534007427A1 /* MotionShakeTests.swift */; };
/* End PBXBuildFile section */

/* Begin PBXContainerItemProxy section */
		43B458B21A849534007427A1 /* PBXContainerItemProxy */ = {
			isa = PBXContainerItemProxy;
			containerPortal = 43B458941A849534007427A1 /* Project object */;
			proxyType = 1;
			remoteGlobalIDString = 43B4589B1A849534007427A1;
			remoteInfo = MotionShake;
		};
/* End PBXContainerItemProxy section */

/* Begin PBXFileReference section */
		43B4589C1A849534007427A1 /* MotionShake.app */ = {isa = PBXFileReference; explicitFileType = wrapper.application; includeInIndex = 0; path = MotionShake.app; sourceTree = BUILT_PRODUCTS_DIR; };
		43B458A01A849534007427A1 /* Info.plist */ = {isa = PBXFileReference; lastKnownFileType = text.plist.xml; path = Info.plist; sourceTree = "<group>"; };
		43B458A11A849534007427A1 /* AppDelegate.swift */ = {isa = PBXFileReference; lastKnownFileType = sourcecode.swift; path = AppDelegate.swift; sourceTree = "<group>"; };
		43B458A31A849534007427A1 /* ViewController.swift */ = {isa = PBXFileReference; lastKnownFileType = sourcecode.swift; path = ViewController.swift; sourceTree = "<group>"; };
		43B458A61A849534007427A1 /* Base */ = {isa = PBXFileReference; lastKnownFileType = file.storyboard; name = Base; path = Base.lproj/Main.storyboard; sourceTree = "<group>"; };
		43B458A81A849534007427A1 /* Images.xcassets */ = {isa = PBXFileReference; lastKnownFileType = folder.assetcatalog; path = Images.xcassets; sourceTree = "<group>"; };
		43B458AB1A849534007427A1 /* Base */ = {isa = PBXFileReference; lastKnownFileType = file.xib; name = Base; path = Base.lproj/LaunchScreen.xib; sourceTree = "<group>"; };
		43B458B11A849534007427A1 /* MotionShakeTests.xctest */ = {isa = PBXFileReference; explicitFileType = wrapper.cfbundle; includeInIndex = 0; path = MotionShakeTests.xctest; sourceTree = BUILT_PRODUCTS_DIR; };
		43B458B61A849534007427A1 /* Info.plist */ = {isa = PBXFileReference; lastKnownFileType = text.plist.xml; path = Info.plist; sourceTree = "<group>"; };
		43B458B71A849534007427A1 /* MotionShakeTests.swift */ = {isa = PBXFileReference; lastKnownFileType = sourcecode.swift; path = MotionShakeTests.swift; sourceTree = "<group>"; };
/* End PBXFileReference section */

/* Begin PBXFrameworksBuildPhase section */
		43B458991A849534007427A1 /* Frameworks */ = {
			isa = PBXFrameworksBuildPhase;
			buildActionMask = 2147483647;
			files = (
			);
			runOnlyForDeploymentPostprocessing = 0;
		};
		43B458AE1A849534007427A1 /* Frameworks */ = {
			isa = PBXFrameworksBuildPhase;
			buildActionMask = 2147483647;
			files = (
			);
			runOnlyForDeploymentPostprocessing = 0;
		};
/* End PBXFrameworksBuildPhase section */

/* Begin PBXGroup section */
		43B458931A849534007427A1 = {
			isa = PBXGroup;
			children = (
				43B4589E1A849534007427A1 /* MotionShake */,
				43B458B41A849534007427A1 /* MotionShakeTests */,
				43B4589D1A849534007427A1 /* Products */,
			);
			sourceTree = "<group>";
		};
		43B4589D1A849534007427A1 /* Products */ = {
			isa = PBXGroup;
			children = (
				43B4589C1A849534007427A1 /* MotionShake.app */,
				43B458B11A849534007427A1 /* MotionShakeTests.xctest */,
			);
			name = Products;
			sourceTree = "<group>";
		};
		43B4589E1A849534007427A1 /* MotionShake */ = {
			isa = PBXGroup;
			children = (
				43B458A11A849534007427A1 /* AppDelegate.swift */,
				43B458A31A849534007427A1 /* ViewController.swift */,
				43B458A51A849534007427A1 /* Main.storyboard */,
				43B458A81A849534007427A1 /* Images.xcassets */,
				43B458AA1A849534007427A1 /* LaunchScreen.xib */,
				43B4589F1A849534007427A1 /* Supporting Files */,
			);
			path = MotionShake;
			sourceTree = "<group>";
		};
		43B4589F1A849534007427A1 /* Supporting Files */ = {
			isa = PBXGroup;
			children = (
				43B458A01A849534007427A1 /* Info.plist */,
			);
			name = "Supporting Files";
			sourceTree = "<group>";
		};
		43B458B41A849534007427A1 /* MotionShakeTests */ = {
			isa = PBXGroup;
			children = (
				43B458B71A849534007427A1 /* MotionShakeTests.swift */,
				43B458B51A849534007427A1 /* Supporting Files */,
			);
			path = MotionShakeTests;
			sourceTree = "<group>";
		};
		43B458B51A849534007427A1 /* Supporting Files */ = {
			isa = PBXGroup;
			children = (
				43B458B61A849534007427A1 /* Info.plist */,
			);
			name = "Supporting Files";
			sourceTree = "<group>";
		};
/* End PBXGroup section */

/* Begin PBXNativeTarget section */
		43B4589B1A849534007427A1 /* MotionShake */ = {
			isa = PBXNativeTarget;
			buildConfigurationList = 43B458BB1A849534007427A1 /* Build configuration list for PBXNativeTarget "MotionShake" */;
			buildPhases = (
				43B458981A849534007427A1 /* Sources */,
				43B458991A849534007427A1 /* Frameworks */,
				43B4589A1A849534007427A1 /* Resources */,
			);
			buildRules = (
			);
			dependencies = (
			);
			name = MotionShake;
			productName = MotionShake;
			productReference = 43B4589C1A849534007427A1 /* MotionShake.app */;
			productType = "com.apple.product-type.application";
		};
		43B458B01A849534007427A1 /* MotionShakeTests */ = {
			isa = PBXNativeTarget;
			buildConfigurationList = 43B458BE1A849534007427A1 /* Build configuration list for PBXNativeTarget "MotionShakeTests" */;
			buildPhases = (
				43B458AD1A849534007427A1 /* Sources */,
				43B458AE1A849534007427A1 /* Frameworks */,
				43B458AF1A849534007427A1 /* Resources */,
			);
			buildRules = (
			);
			dependencies = (
				43B458B31A849534007427A1 /* PBXTargetDependency */,
			);
			name = MotionShakeTests;
			productName = MotionShakeTests;
			productReference = 43B458B11A849534007427A1 /* MotionShakeTests.xctest */;
			productType = "com.apple.product-type.bundle.unit-test";
		};
/* End PBXNativeTarget section */

/* Begin PBXProject section */
		43B458941A849534007427A1 /* Project object */ = {
			isa = PBXProject;
			attributes = {
				LastUpgradeCheck = 0610;
				ORGANIZATIONNAME = 51work6;
				TargetAttributes = {
					43B4589B1A849534007427A1 = {
						CreatedOnToolsVersion = 6.1;
					};
					43B458B01A849534007427A1 = {
						CreatedOnToolsVersion = 6.1;
						TestTargetID = 43B4589B1A849534007427A1;
					};
				};
			};
			buildConfigurationList = 43B458971A849534007427A1 /* Build configuration list for PBXProject "MotionShake" */;
			compatibilityVersion = "Xcode 3.2";
			developmentRegion = English;
			hasScannedForEncodings = 0;
			knownRegions = (
				en,
				Base,
			);
			mainGroup = 43B458931A849534007427A1;
			productRefGroup = 43B4589D1A849534007427A1 /* Products */;
			projectDirPath = "";
			projectRoot = "";
			targets = (
				43B4589B1A849534007427A1 /* MotionShake */,
				43B458B01A849534007427A1 /* MotionShakeTests */,
			);
		};
/* End PBXProject section */

/* Begin PBXResourcesBuildPhase section */
		43B4589A1A849534007427A1 /* Resources */ = {
			isa = PBXResourcesBuildPhase;
			buildActionMask = 2147483647;
			files = (
				43B458A71A849534007427A1 /* Main.storyboard in Resources */,
				43B458AC1A849534007427A1 /* LaunchScreen.xib in Resources */,
				43B458A91A849534007427A1 /* Images.xcassets in Resources */,
			);
			runOnlyForDeploymentPostprocessing = 0;
		};
		43B458AF1A849534007427A1 /* Resources */ = {
			isa = PBXResourcesBuildPhase;
			buildActionMask = 2147483647;
			files = (
			);
			runOnlyForDeploymentPostprocessing = 0;
		};
/* End PBXResourcesBuildPhase section */

/* Begin PBXSourcesBuildPhase section */
		43B458981A849534007427A1 /* Sources */ = {
			isa = PBXSourcesBuildPhase;
			buildActionMask = 2147483647;
			files = (
				43B458A41A849534007427A1 /* ViewController.swift in Sources */,
				43B458A21A849534007427A1 /* AppDelegate.swift in Sources */,
			);
			runOnlyForDeploymentPostprocessing = 0;
		};
		43B458AD1A849534007427A1 /* Sources */ = {
			isa = PBXSourcesBuildPhase;
			buildActionMask = 2147483647;
			files = (
				43B458B81A849534007427A1 /* MotionShakeTests.swift in Sources */,
			);
			runOnlyForDeploymentPostprocessing = 0;
		};
/* End PBXSourcesBuildPhase section */

/* Begin PBXTargetDependency section */
		43B458B31A849534007427A1 /* PBXTargetDependency */ = {
			isa = PBXTargetDependency;
			target = 43B4589B1A849534007427A1 /* MotionShake */;
			targetProxy = 43B458B21A849534007427A1 /* PBXContainerItemProxy */;
		};
/* End PBXTargetDependency section */

/* Begin PBXVariantGroup section */
		43B458A51A849534007427A1 /* Main.storyboard */ = {
			isa = PBXVariantGroup;
			children = (
				43B458A61A849534007427A1 /* Base */,
			);
			name = Main.storyboard;
			sourceTree = "<group>";
		};
		43B458AA1A849534007427A1 /* LaunchScreen.xib */ = {
			isa = PBXVariantGroup;
			children = (
				43B458AB1A849534007427A1 /* Base */,
			);
			name = LaunchScreen.xib;
			sourceTree = "<group>";
		};
/* End PBXVariantGroup section */

/* Begin XCBuildConfiguration section */
		43B458B91A849534007427A1 /* Debug */ = {
			isa = XCBuildConfiguration;
			buildSettings = {
				ALWAYS_SEARCH_USER_PATHS = NO;
				CLANG_CXX_LANGUAGE_STANDARD = "gnu++0x";
				CLANG_CXX_LIBRARY = "libc++";
				CLANG_ENABLE_MODULES = YES;
				CLANG_ENABLE_OBJC_ARC = YES;
				CLANG_WARN_BOOL_CONVERSION = YES;
				CLANG_WARN_CONSTANT_CONVERSION = YES;
				CLANG_WARN_DIRECT_OBJC_ISA_USAGE = YES_ERROR;
				CLANG_WARN_EMPTY_BODY = YES;
				CLANG_WARN_ENUM_CONVERSION = YES;
				CLANG_WARN_INT_CONVERSION = YES;
				CLANG_WARN_OBJC_ROOT_CLASS = YES_ERROR;
				CLANG_WARN_UNREACHABLE_CODE = YES;
				CLANG_WARN__DUPLICATE_METHOD_MATCH = YES;
				"CODE_SIGN_IDENTITY[sdk=iphoneos*]" = "iPhone Developer";
				COPY_PHASE_STRIP = NO;
				ENABLE_STRICT_OBJC_MSGSEND = YES;
				GCC_C_LANGUAGE_STANDARD = gnu99;
				GCC_DYNAMIC_NO_PIC = NO;
				GCC_OPTIMIZATION_LEVEL = 0;
				GCC_PREPROCESSOR_DEFINITIONS = (
					"DEBUG=1",
					"$(inherited)",
				);
				GCC_SYMBOLS_PRIVATE_EXTERN = NO;
				GCC_WARN_64_TO_32_BIT_CONVERSION = YES;
				GCC_WARN_ABOUT_RETURN_TYPE = YES_ERROR;
				GCC_WARN_UNDECLARED_SELECTOR = YES;
				GCC_WARN_UNINITIALIZED_AUTOS = YES_AGGRESSIVE;
				GCC_WARN_UNUSED_FUNCTION = YES;
				GCC_WARN_UNUSED_VARIABLE = YES;
				IPHONEOS_DEPLOYMENT_TARGET = 8.3;
				MTL_ENABLE_DEBUG_INFO = YES;
				ONLY_ACTIVE_ARCH = YES;
				SDKROOT = iphoneos;
				SWIFT_OPTIMIZATION_LEVEL = "-Onone";
			};
			name = Debug;
		};
		43B458BA1A849534007427A1 /* Release */ = {
			isa = XCBuildConfiguration;
			buildSettings = {
				ALWAYS_SEARCH_USER_PATHS = NO;
				CLANG_CXX_LANGUAGE_STANDARD = "gnu++0x";
				CLANG_CXX_LIBRARY = "libc++";
				CLANG_ENABLE_MODULES = YES;
				CLANG_ENABLE_OBJC_ARC = YES;
				CLANG_WARN_BOOL_CONVERSION = YES;
				CLANG_WARN_CONSTANT_CONVERSION = YES;
				CLANG_WARN_DIRECT_OBJC_ISA_USAGE = YES_ERROR;
				CLANG_WARN_EMPTY_BODY = YES;
				CLANG_WARN_ENUM_CONVERSION = YES;
				CLANG_WARN_INT_CONVERSION = YES;
				CLANG_WARN_OBJC_ROOT_CLASS = YES_ERROR;
				CLANG_WARN_UNREACHABLE_CODE = YES;
				CLANG_WARN__DUPLICATE_METHOD_MATCH = YES;
				"CODE_SIGN_IDENTITY[sdk=iphoneos*]" = "iPhone Developer";
				COPY_PHASE_STRIP = YES;
				ENABLE_NS_ASSERTIONS = NO;
				ENABLE_STRICT_OBJC_MSGSEND = YES;
				GCC_C_LANGUAGE_STANDARD = gnu99;
				GCC_WARN_64_TO_32_BIT_CONVERSION = YES;
				GCC_WARN_ABOUT_RETURN_TYPE = YES_ERROR;
				GCC_WARN_UNDECLARED_SELECTOR = YES;
				GCC_WARN_UNINITIALIZED_AUTOS = YES_AGGRESSIVE;
				GCC_WARN_UNUSED_FUNCTION = YES;
				GCC_WARN_UNUSED_VARIABLE = YES;
				IPHONEOS_DEPLOYMENT_TARGET = 8.3;
				MTL_ENABLE_DEBUG_INFO = NO;
				SDKROOT = iphoneos;
				VALIDATE_PRODUCT = YES;
			};
			name = Release;
		};
		43B458BC1A849534007427A1 /* Debug */ = {
			isa = XCBuildConfiguration;
			buildSettings = {
				ASSETCATALOG_COMPILER_APPICON_NAME = AppIcon;
				INFOPLIST_FILE = MotionShake/Info.plist;
				LD_RUNPATH_SEARCH_PATHS = "$(inherited) @executable_path/Frameworks";
				PRODUCT_NAME = "$(TARGET_NAME)";
			};
			name = Debug;
		};
		43B458BD1A849534007427A1 /* Release */ = {
			isa = XCBuildConfiguration;
			buildSettings = {
				ASSETCATALOG_COMPILER_APPICON_NAME = AppIcon;
				INFOPLIST_FILE = MotionShake/Info.plist;
				LD_RUNPATH_SEARCH_PATHS = "$(inherited) @executable_path/Frameworks";
				PRODUCT_NAME = "$(TARGET_NAME)";
			};
			name = Release;
		};
		43B458BF1A849534007427A1 /* Debug */ = {
			isa = XCBuildConfiguration;
			buildSettings = {
				BUNDLE_LOADER = "$(TEST_HOST)";
				FRAMEWORK_SEARCH_PATHS = (
					"$(SDKROOT)/Developer/Library/Frameworks",
					"$(inherited)",
				);
				GCC_PREPROCESSOR_DEFINITIONS = (
					"DEBUG=1",
					"$(inherited)",
				);
				INFOPLIST_FILE = MotionShakeTests/Info.plist;
				LD_RUNPATH_SEARCH_PATHS = "$(inherited) @executable_path/Frameworks @loader_path/Frameworks";
				PRODUCT_NAME = "$(TARGET_NAME)";
				TEST_HOST = "$(BUILT_PRODUCTS_DIR)/MotionShake.app/MotionShake";
			};
			name = Debug;
		};
		43B458C01A849534007427A1 /* Release */ = {
			isa = XCBuildConfiguration;
			buildSettings = {
				BUNDLE_LOADER = "$(TEST_HOST)";
				FRAMEWORK_SEARCH_PATHS = (
					"$(SDKROOT)/Developer/Library/Frameworks",
					"$(inherited)",
				);
				INFOPLIST_FILE = MotionShakeTests/Info.plist;
				LD_RUNPATH_SEARCH_PATHS = "$(inherited) @executable_path/Frameworks @loader_path/Frameworks";
				PRODUCT_NAME = "$(TARGET_NAME)";
				TEST_HOST = "$(BUILT_PRODUCTS_DIR)/MotionShake.app/MotionShake";
			};
			name = Release;
		};
/* End XCBuildConfiguration section */

/* Begin XCConfigurationList section */
		43B458971A849534007427A1 /* Build configuration list for PBXProject "MotionShake" */ = {
			isa = XCConfigurationList;
			buildConfigurations = (
				43B458B91A849534007427A1 /* Debug */,
				43B458BA1A849534007427A1 /* Release */,
			);
			defaultConfigurationIsVisible = 0;
			defaultConfigurationName = Release;
		};
		43B458BB1A849534007427A1 /* Build configuration list for PBXNativeTarget "MotionShake" */ = {
			isa = XCConfigurationList;
			buildConfigurations = (
				43B458BC1A849534007427A1 /* Debug */,
				43B458BD1A849534007427A1 /* Release */,
			);
			defaultConfigurationIsVisible = 0;
			defaultConfigurationName = Release;
		};
		43B458BE1A849534007427A1 /* Build configuration list for PBXNativeTarget "MotionShakeTests" */ = {
			isa = XCConfigurationList;
			buildConfigurations = (
				43B458BF1A849534007427A1 /* Debug */,
				43B458C01A849534007427A1 /* Release */,
			);
			defaultConfigurationIsVisible = 0;
			defaultConfigurationName = Release;
		};
/* End XCConfigurationList section */
	};
	rootObject = 43B458941A849534007427A1 /* Project object */;
}
