// !$*UTF8*$!
{
	archiveVersion = 1;
	classes = {
	};
	objectVersion = 46;
	objects = {

/* Begin PBXBuildFile section */
		430633E21A8382640080EF43 /* AppDelegate.swift in Sources */ = {isa = PBXBuildFile; fileRef = 430633E11A8382640080EF43 /* AppDelegate.swift */; };
		430633E41A8382640080EF43 /* ViewController.swift in Sources */ = {isa = PBXBuildFile; fileRef = 430633E31A8382640080EF43 /* ViewController.swift */; };
		430633E71A8382640080EF43 /* Main.storyboard in Resources */ = {isa = PBXBuildFile; fileRef = 430633E51A8382640080EF43 /* Main.storyboard */; };
		430633E91A8382640080EF43 /* Images.xcassets in Resources */ = {isa = PBXBuildFile; fileRef = 430633E81A8382640080EF43 /* Images.xcassets */; };
		430633EC1A8382640080EF43 /* LaunchScreen.xib in Resources */ = {isa = PBXBuildFile; fileRef = 430633EA1A8382640080EF43 /* LaunchScreen.xib */; };
		430633F81A8382640080EF43 /* EventInfoTests.swift in Sources */ = {isa = PBXBuildFile; fileRef = 430633F71A8382640080EF43 /* EventInfoTests.swift */; };
		430634021A8383500080EF43 /* MyView.swift in Sources */ = {isa = PBXBuildFile; fileRef = 430634011A8383500080EF43 /* MyView.swift */; };
/* End PBXBuildFile section */

/* Begin PBXContainerItemProxy section */
		430633F21A8382640080EF43 /* PBXContainerItemProxy */ = {
			isa = PBXContainerItemProxy;
			containerPortal = 430633D41A8382640080EF43 /* Project object */;
			proxyType = 1;
			remoteGlobalIDString = 430633DB1A8382640080EF43;
			remoteInfo = EventInfo;
		};
/* End PBXContainerItemProxy section */

/* Begin PBXFileReference section */
		430633DC1A8382640080EF43 /* EventInfo.app */ = {isa = PBXFileReference; explicitFileType = wrapper.application; includeInIndex = 0; path = EventInfo.app; sourceTree = BUILT_PRODUCTS_DIR; };
		430633E01A8382640080EF43 /* Info.plist */ = {isa = PBXFileReference; lastKnownFileType = text.plist.xml; path = Info.plist; sourceTree = "<group>"; };
		430633E11A8382640080EF43 /* AppDelegate.swift */ = {isa = PBXFileReference; lastKnownFileType = sourcecode.swift; path = AppDelegate.swift; sourceTree = "<group>"; };
		430633E31A8382640080EF43 /* ViewController.swift */ = {isa = PBXFileReference; lastKnownFileType = sourcecode.swift; path = ViewController.swift; sourceTree = "<group>"; };
		430633E61A8382640080EF43 /* Base */ = {isa = PBXFileReference; lastKnownFileType = file.storyboard; name = Base; path = Base.lproj/Main.storyboard; sourceTree = "<group>"; };
		430633E81A8382640080EF43 /* Images.xcassets */ = {isa = PBXFileReference; lastKnownFileType = folder.assetcatalog; path = Images.xcassets; sourceTree = "<group>"; };
		430633EB1A8382640080EF43 /* Base */ = {isa = PBXFileReference; lastKnownFileType = file.xib; name = Base; path = Base.lproj/LaunchScreen.xib; sourceTree = "<group>"; };
		430633F11A8382640080EF43 /* EventInfoTests.xctest */ = {isa = PBXFileReference; explicitFileType = wrapper.cfbundle; includeInIndex = 0; path = EventInfoTests.xctest; sourceTree = BUILT_PRODUCTS_DIR; };
		430633F61A8382640080EF43 /* Info.plist */ = {isa = PBXFileReference; lastKnownFileType = text.plist.xml; path = Info.plist; sourceTree = "<group>"; };
		430633F71A8382640080EF43 /* EventInfoTests.swift */ = {isa = PBXFileReference; lastKnownFileType = sourcecode.swift; path = EventInfoTests.swift; sourceTree = "<group>"; };
		430634011A8383500080EF43 /* MyView.swift */ = {isa = PBXFileReference; fileEncoding = 4; lastKnownFileType = sourcecode.swift; path = MyView.swift; sourceTree = "<group>"; };
/* End PBXFileReference section */

/* Begin PBXFrameworksBuildPhase section */
		430633D91A8382640080EF43 /* Frameworks */ = {
			isa = PBXFrameworksBuildPhase;
			buildActionMask = 2147483647;
			files = (
			);
			runOnlyForDeploymentPostprocessing = 0;
		};
		430633EE1A8382640080EF43 /* Frameworks */ = {
			isa = PBXFrameworksBuildPhase;
			buildActionMask = 2147483647;
			files = (
			);
			runOnlyForDeploymentPostprocessing = 0;
		};
/* End PBXFrameworksBuildPhase section */

/* Begin PBXGroup section */
		430633D31A8382640080EF43 = {
			isa = PBXGroup;
			children = (
				430633DE1A8382640080EF43 /* EventInfo */,
				430633F41A8382640080EF43 /* EventInfoTests */,
				430633DD1A8382640080EF43 /* Products */,
			);
			sourceTree = "<group>";
		};
		430633DD1A8382640080EF43 /* Products */ = {
			isa = PBXGroup;
			children = (
				430633DC1A8382640080EF43 /* EventInfo.app */,
				430633F11A8382640080EF43 /* EventInfoTests.xctest */,
			);
			name = Products;
			sourceTree = "<group>";
		};
		430633DE1A8382640080EF43 /* EventInfo */ = {
			isa = PBXGroup;
			children = (
				430633E11A8382640080EF43 /* AppDelegate.swift */,
				430633E31A8382640080EF43 /* ViewController.swift */,
				430633E51A8382640080EF43 /* Main.storyboard */,
				430633E81A8382640080EF43 /* Images.xcassets */,
				430633EA1A8382640080EF43 /* LaunchScreen.xib */,
				430634011A8383500080EF43 /* MyView.swift */,
				430633DF1A8382640080EF43 /* Supporting Files */,
			);
			path = EventInfo;
			sourceTree = "<group>";
		};
		430633DF1A8382640080EF43 /* Supporting Files */ = {
			isa = PBXGroup;
			children = (
				430633E01A8382640080EF43 /* Info.plist */,
			);
			name = "Supporting Files";
			sourceTree = "<group>";
		};
		430633F41A8382640080EF43 /* EventInfoTests */ = {
			isa = PBXGroup;
			children = (
				430633F71A8382640080EF43 /* EventInfoTests.swift */,
				430633F51A8382640080EF43 /* Supporting Files */,
			);
			path = EventInfoTests;
			sourceTree = "<group>";
		};
		430633F51A8382640080EF43 /* Supporting Files */ = {
			isa = PBXGroup;
			children = (
				430633F61A8382640080EF43 /* Info.plist */,
			);
			name = "Supporting Files";
			sourceTree = "<group>";
		};
/* End PBXGroup section */

/* Begin PBXNativeTarget section */
		430633DB1A8382640080EF43 /* EventInfo */ = {
			isa = PBXNativeTarget;
			buildConfigurationList = 430633FB1A8382640080EF43 /* Build configuration list for PBXNativeTarget "EventInfo" */;
			buildPhases = (
				430633D81A8382640080EF43 /* Sources */,
				430633D91A8382640080EF43 /* Frameworks */,
				430633DA1A8382640080EF43 /* Resources */,
			);
			buildRules = (
			);
			dependencies = (
			);
			name = EventInfo;
			productName = EventInfo;
			productReference = 430633DC1A8382640080EF43 /* EventInfo.app */;
			productType = "com.apple.product-type.application";
		};
		430633F01A8382640080EF43 /* EventInfoTests */ = {
			isa = PBXNativeTarget;
			buildConfigurationList = 430633FE1A8382640080EF43 /* Build configuration list for PBXNativeTarget "EventInfoTests" */;
			buildPhases = (
				430633ED1A8382640080EF43 /* Sources */,
				430633EE1A8382640080EF43 /* Frameworks */,
				430633EF1A8382640080EF43 /* Resources */,
			);
			buildRules = (
			);
			dependencies = (
				430633F31A8382640080EF43 /* PBXTargetDependency */,
			);
			name = EventInfoTests;
			productName = EventInfoTests;
			productReference = 430633F11A8382640080EF43 /* EventInfoTests.xctest */;
			productType = "com.apple.product-type.bundle.unit-test";
		};
/* End PBXNativeTarget section */

/* Begin PBXProject section */
		430633D41A8382640080EF43 /* Project object */ = {
			isa = PBXProject;
			attributes = {
				LastUpgradeCheck = 0610;
				ORGANIZATIONNAME = 51work6;
				TargetAttributes = {
					430633DB1A8382640080EF43 = {
						CreatedOnToolsVersion = 6.1;
					};
					430633F01A8382640080EF43 = {
						CreatedOnToolsVersion = 6.1;
						TestTargetID = 430633DB1A8382640080EF43;
					};
				};
			};
			buildConfigurationList = 430633D71A8382640080EF43 /* Build configuration list for PBXProject "EventInfo" */;
			compatibilityVersion = "Xcode 3.2";
			developmentRegion = English;
			hasScannedForEncodings = 0;
			knownRegions = (
				en,
				Base,
			);
			mainGroup = 430633D31A8382640080EF43;
			productRefGroup = 430633DD1A8382640080EF43 /* Products */;
			projectDirPath = "";
			projectRoot = "";
			targets = (
				430633DB1A8382640080EF43 /* EventInfo */,
				430633F01A8382640080EF43 /* EventInfoTests */,
			);
		};
/* End PBXProject section */

/* Begin PBXResourcesBuildPhase section */
		430633DA1A8382640080EF43 /* Resources */ = {
			isa = PBXResourcesBuildPhase;
			buildActionMask = 2147483647;
			files = (
				430633E71A8382640080EF43 /* Main.storyboard in Resources */,
				430633EC1A8382640080EF43 /* LaunchScreen.xib in Resources */,
				430633E91A8382640080EF43 /* Images.xcassets in Resources */,
			);
			runOnlyForDeploymentPostprocessing = 0;
		};
		430633EF1A8382640080EF43 /* Resources */ = {
			isa = PBXResourcesBuildPhase;
			buildActionMask = 2147483647;
			files = (
			);
			runOnlyForDeploymentPostprocessing = 0;
		};
/* End PBXResourcesBuildPhase section */

/* Begin PBXSourcesBuildPhase section */
		430633D81A8382640080EF43 /* Sources */ = {
			isa = PBXSourcesBuildPhase;
			buildActionMask = 2147483647;
			files = (
				430634021A8383500080EF43 /* MyView.swift in Sources */,
				430633E41A8382640080EF43 /* ViewController.swift in Sources */,
				430633E21A8382640080EF43 /* AppDelegate.swift in Sources */,
			);
			runOnlyForDeploymentPostprocessing = 0;
		};
		430633ED1A8382640080EF43 /* Sources */ = {
			isa = PBXSourcesBuildPhase;
			buildActionMask = 2147483647;
			files = (
				430633F81A8382640080EF43 /* EventInfoTests.swift in Sources */,
			);
			runOnlyForDeploymentPostprocessing = 0;
		};
/* End PBXSourcesBuildPhase section */

/* Begin PBXTargetDependency section */
		430633F31A8382640080EF43 /* PBXTargetDependency */ = {
			isa = PBXTargetDependency;
			target = 430633DB1A8382640080EF43 /* EventInfo */;
			targetProxy = 430633F21A8382640080EF43 /* PBXContainerItemProxy */;
		};
/* End PBXTargetDependency section */

/* Begin PBXVariantGroup section */
		430633E51A8382640080EF43 /* Main.storyboard */ = {
			isa = PBXVariantGroup;
			children = (
				430633E61A8382640080EF43 /* Base */,
			);
			name = Main.storyboard;
			sourceTree = "<group>";
		};
		430633EA1A8382640080EF43 /* LaunchScreen.xib */ = {
			isa = PBXVariantGroup;
			children = (
				430633EB1A8382640080EF43 /* Base */,
			);
			name = LaunchScreen.xib;
			sourceTree = "<group>";
		};
/* End PBXVariantGroup section */

/* Begin XCBuildConfiguration section */
		430633F91A8382640080EF43 /* Debug */ = {
			isa = XCBuildConfiguration;
			buildSettings = {
				ALWAYS_SEARCH_USER_PATHS = NO;
				CLANG_CXX_LANGUAGE_STANDARD = "gnu++0x";
				CLANG_CXX_LIBRARY = "libc++";
				CLANG_ENABLE_MODULES = YES;
				CLANG_ENABLE_OBJC_ARC = YES;
				CLANG_WARN_BOOL_CONVERSION = YES;
				CLANG_WARN_CONSTANT_CONVERSION = YES;
				CLANG_WARN_DIRECT_OBJC_ISA_USAGE = YES_ERROR;
				CLANG_WARN_EMPTY_BODY = YES;
				CLANG_WARN_ENUM_CONVERSION = YES;
				CLANG_WARN_INT_CONVERSION = YES;
				CLANG_WARN_OBJC_ROOT_CLASS = YES_ERROR;
				CLANG_WARN_UNREACHABLE_CODE = YES;
				CLANG_WARN__DUPLICATE_METHOD_MATCH = YES;
				"CODE_SIGN_IDENTITY[sdk=iphoneos*]" = "iPhone Developer";
				COPY_PHASE_STRIP = NO;
				ENABLE_STRICT_OBJC_MSGSEND = YES;
				GCC_C_LANGUAGE_STANDARD = gnu99;
				GCC_DYNAMIC_NO_PIC = NO;
				GCC_OPTIMIZATION_LEVEL = 0;
				GCC_PREPROCESSOR_DEFINITIONS = (
					"DEBUG=1",
					"$(inherited)",
				);
				GCC_SYMBOLS_PRIVATE_EXTERN = NO;
				GCC_WARN_64_TO_32_BIT_CONVERSION = YES;
				GCC_WARN_ABOUT_RETURN_TYPE = YES_ERROR;
				GCC_WARN_UNDECLARED_SELECTOR = YES;
				GCC_WARN_UNINITIALIZED_AUTOS = YES_AGGRESSIVE;
				GCC_WARN_UNUSED_FUNCTION = YES;
				GCC_WARN_UNUSED_VARIABLE = YES;
				IPHONEOS_DEPLOYMENT_TARGET = 8.3;
				MTL_ENABLE_DEBUG_INFO = YES;
				ONLY_ACTIVE_ARCH = YES;
				SDKROOT = iphoneos;
				SWIFT_OPTIMIZATION_LEVEL = "-Onone";
			};
			name = Debug;
		};
		430633FA1A8382640080EF43 /* Release */ = {
			isa = XCBuildConfiguration;
			buildSettings = {
				ALWAYS_SEARCH_USER_PATHS = NO;
				CLANG_CXX_LANGUAGE_STANDARD = "gnu++0x";
				CLANG_CXX_LIBRARY = "libc++";
				CLANG_ENABLE_MODULES = YES;
				CLANG_ENABLE_OBJC_ARC = YES;
				CLANG_WARN_BOOL_CONVERSION = YES;
				CLANG_WARN_CONSTANT_CONVERSION = YES;
				CLANG_WARN_DIRECT_OBJC_ISA_USAGE = YES_ERROR;
				CLANG_WARN_EMPTY_BODY = YES;
				CLANG_WARN_ENUM_CONVERSION = YES;
				CLANG_WARN_INT_CONVERSION = YES;
				CLANG_WARN_OBJC_ROOT_CLASS = YES_ERROR;
				CLANG_WARN_UNREACHABLE_CODE = YES;
				CLANG_WARN__DUPLICATE_METHOD_MATCH = YES;
				"CODE_SIGN_IDENTITY[sdk=iphoneos*]" = "iPhone Developer";
				COPY_PHASE_STRIP = YES;
				ENABLE_NS_ASSERTIONS = NO;
				ENABLE_STRICT_OBJC_MSGSEND = YES;
				GCC_C_LANGUAGE_STANDARD = gnu99;
				GCC_WARN_64_TO_32_BIT_CONVERSION = YES;
				GCC_WARN_ABOUT_RETURN_TYPE = YES_ERROR;
				GCC_WARN_UNDECLARED_SELECTOR = YES;
				GCC_WARN_UNINITIALIZED_AUTOS = YES_AGGRESSIVE;
				GCC_WARN_UNUSED_FUNCTION = YES;
				GCC_WARN_UNUSED_VARIABLE = YES;
				IPHONEOS_DEPLOYMENT_TARGET = 8.3;
				MTL_ENABLE_DEBUG_INFO = NO;
				SDKROOT = iphoneos;
				VALIDATE_PRODUCT = YES;
			};
			name = Release;
		};
		430633FC1A8382640080EF43 /* Debug */ = {
			isa = XCBuildConfiguration;
			buildSettings = {
				ASSETCATALOG_COMPILER_APPICON_NAME = AppIcon;
				INFOPLIST_FILE = EventInfo/Info.plist;
				LD_RUNPATH_SEARCH_PATHS = "$(inherited) @executable_path/Frameworks";
				PRODUCT_NAME = "$(TARGET_NAME)";
			};
			name = Debug;
		};
		430633FD1A8382640080EF43 /* Release */ = {
			isa = XCBuildConfiguration;
			buildSettings = {
				ASSETCATALOG_COMPILER_APPICON_NAME = AppIcon;
				INFOPLIST_FILE = EventInfo/Info.plist;
				LD_RUNPATH_SEARCH_PATHS = "$(inherited) @executable_path/Frameworks";
				PRODUCT_NAME = "$(TARGET_NAME)";
			};
			name = Release;
		};
		430633FF1A8382640080EF43 /* Debug */ = {
			isa = XCBuildConfiguration;
			buildSettings = {
				BUNDLE_LOADER = "$(TEST_HOST)";
				FRAMEWORK_SEARCH_PATHS = (
					"$(SDKROOT)/Developer/Library/Frameworks",
					"$(inherited)",
				);
				GCC_PREPROCESSOR_DEFINITIONS = (
					"DEBUG=1",
					"$(inherited)",
				);
				INFOPLIST_FILE = EventInfoTests/Info.plist;
				LD_RUNPATH_SEARCH_PATHS = "$(inherited) @executable_path/Frameworks @loader_path/Frameworks";
				PRODUCT_NAME = "$(TARGET_NAME)";
				TEST_HOST = "$(BUILT_PRODUCTS_DIR)/EventInfo.app/EventInfo";
			};
			name = Debug;
		};
		430634001A8382640080EF43 /* Release */ = {
			isa = XCBuildConfiguration;
			buildSettings = {
				BUNDLE_LOADER = "$(TEST_HOST)";
				FRAMEWORK_SEARCH_PATHS = (
					"$(SDKROOT)/Developer/Library/Frameworks",
					"$(inherited)",
				);
				INFOPLIST_FILE = EventInfoTests/Info.plist;
				LD_RUNPATH_SEARCH_PATHS = "$(inherited) @executable_path/Frameworks @loader_path/Frameworks";
				PRODUCT_NAME = "$(TARGET_NAME)";
				TEST_HOST = "$(BUILT_PRODUCTS_DIR)/EventInfo.app/EventInfo";
			};
			name = Release;
		};
/* End XCBuildConfiguration section */

/* Begin XCConfigurationList section */
		430633D71A8382640080EF43 /* Build configuration list for PBXProject "EventInfo" */ = {
			isa = XCConfigurationList;
			buildConfigurations = (
				430633F91A8382640080EF43 /* Debug */,
				430633FA1A8382640080EF43 /* Release */,
			);
			defaultConfigurationIsVisible = 0;
			defaultConfigurationName = Release;
		};
		430633FB1A8382640080EF43 /* Build configuration list for PBXNativeTarget "EventInfo" */ = {
			isa = XCConfigurationList;
			buildConfigurations = (
				430633FC1A8382640080EF43 /* Debug */,
				430633FD1A8382640080EF43 /* Release */,
			);
			defaultConfigurationIsVisible = 0;
			defaultConfigurationName = Release;
		};
		430633FE1A8382640080EF43 /* Build configuration list for PBXNativeTarget "EventInfoTests" */ = {
			isa = XCConfigurationList;
			buildConfigurations = (
				430633FF1A8382640080EF43 /* Debug */,
				430634001A8382640080EF43 /* Release */,
			);
			defaultConfigurationIsVisible = 0;
			defaultConfigurationName = Release;
		};
/* End XCConfigurationList section */
	};
	rootObject = 430633D41A8382640080EF43 /* Project object */;
}
